
Microsoft Visual Studio Solution File, Format Version 12.00
# Visual Studio 14
VisualStudioVersion = 14.0.25420.1
MinimumVisualStudioVersion = 10.0.40219.1
Project("{2150E333-8FDC-42A3-9474-1A3956D46DE8}") = "01 - Core", "01 - Core", "{FE58FA56-27DE-4413-A6A6-56B0BA82F36B}"
EndProject
Project("{2150E333-8FDC-42A3-9474-1A3956D46DE8}") = "03 - Platforms", "03 - Platforms", "{9C1F6770-F7D0-4507-8EC6-A93DA8A6AB35}"
EndProject
Project("{2150E333-8FDC-42A3-9474-1A3956D46DE8}") = "04 -Plugins", "04 -Plugins", "{20093622-107E-4B37-8763-714F6A3B5E89}"
EndProject
Project("{FAE04EC0-301F-11D3-BF4B-00C04F79EFBC}") = "Eminent.CodeGenerator", "src\core\Eminent.CodeGenerator\Eminent.CodeGenerator.csproj", "{ACABE9A8-825E-46A4-8A52-EC44DA8357F7}"
EndProject
Project("{FAE04EC0-301F-11D3-BF4B-00C04F79EFBC}") = "CodeTorch.Core", "src\core\CodeTorch.Core\CodeTorch.Core.csproj", "{FFA210B6-B65E-4CB3-9A43-E546F132E78A}"
EndProject
Project("{FAE04EC0-301F-11D3-BF4B-00C04F79EFBC}") = "CodeTorch.Web", "src\webforms\CodeTorch.Web\CodeTorch.Web.csproj", "{3F8C0B87-F3D4-4B3D-B327-1376F9164B3C}"
EndProject
Project("{FAE04EC0-301F-11D3-BF4B-00C04F79EFBC}") = "CodeTorch.Data.SqlServer", "src\plugins\CodeTorch.Data.SqlServer\CodeTorch.Data.SqlServer.csproj", "{CFF06607-17A4-4351-9566-B54569C5BFFE}"
EndProject
Project("{FAE04EC0-301F-11D3-BF4B-00C04F79EFBC}") = "CodeTorch.Documents", "src\plugins\CodeTorch.Documents\CodeTorch.Documents.csproj", "{B4035297-224C-404C-925D-0807F7D5EC25}"
EndProject
Project("{FAE04EC0-301F-11D3-BF4B-00C04F79EFBC}") = "CodeTorch.Email", "src\plugins\CodeTorch.Email\CodeTorch.Email.csproj", "{0EA15C58-9F7A-4FDA-9AD5-38F3C8C42A00}"
EndProject
Project("{FAE04EC0-301F-11D3-BF4B-00C04F79EFBC}") = "CodeTorch.Lookups", "src\plugins\CodeTorch.Lookups\CodeTorch.Lookups.csproj", "{6D1A61E4-7B66-4806-83EB-A60FB464CA0D}"
EndProject
Project("{FAE04EC0-301F-11D3-BF4B-00C04F79EFBC}") = "CodeTorch.Security", "src\plugins\CodeTorch.Security\CodeTorch.Security.csproj", "{11648974-1332-4970-A870-D4F5D477E09E}"
EndProject
Project("{FAE04EC0-301F-11D3-BF4B-00C04F79EFBC}") = "CodeTorch.Workflows", "src\plugins\CodeTorch.Workflows\CodeTorch.Workflows.csproj", "{E7879D50-16DD-4930-B64A-E07A8C791CBA}"
EndProject
Project("{2150E333-8FDC-42A3-9474-1A3956D46DE8}") = "02 - Designer", "02 - Designer", "{17DC8D3E-FAB9-4D50-8212-DCE5DD758CBB}"
EndProject
Project("{FAE04EC0-301F-11D3-BF4B-00C04F79EFBC}") = "CodeTorch.Core.Design", "src\designer\CodeTorch.Core.Design\CodeTorch.Core.Design.csproj", "{68AB6F55-EDDA-48D0-A0E8-16EAB83D0703}"
EndProject
Project("{FAE04EC0-301F-11D3-BF4B-00C04F79EFBC}") = "CodeTorch.Designer", "src\designer\Eminent.AppBuilder.Designer\CodeTorch.Designer.csproj", "{9A8288D1-A0D0-4823-AB4C-46F6FEBB833E}"
EndProject
Project("{2150E333-8FDC-42A3-9474-1A3956D46DE8}") = "05 - Tools", "05 - Tools", "{B5C0F26E-F55B-4F41-AFA2-92B1F2798A3A}"
EndProject
Project("{FAE04EC0-301F-11D3-BF4B-00C04F79EFBC}") = "CodeTorch.BuildTasks", "src\tools\CodeTorch.BuildTasks\CodeTorch.BuildTasks.csproj", "{2B385878-F208-4181-B275-9E86230FB730}"
EndProject
Project("{FAE04EC0-301F-11D3-BF4B-00C04F79EFBC}") = "CodeTorch.Resources.Web", "src\plugins\CodeTorch.Resources.Web\CodeTorch.Resources.Web.csproj", "{C7EF18BF-DA82-41FE-9F4D-CB7F12A62AF8}"
EndProject
Project("{FAE04EC0-301F-11D3-BF4B-00C04F79EFBC}") = "CodeTorch.Data.Object", "src\plugins\CodeTorch.Data.Object\CodeTorch.Data.Object.csproj", "{B0D533F4-F147-4493-8545-A7CD0BB990D8}"
EndProject
Project("{FAE04EC0-301F-11D3-BF4B-00C04F79EFBC}") = "CodeTorch.Abstractions", "src\core\CodeTorch.Abstractions\CodeTorch.Abstractions.csproj", "{D4C1A8A6-0150-49D9-9EC6-E1561366FE47}"
EndProject
Project("{FAE04EC0-301F-11D3-BF4B-00C04F79EFBC}") = "CodeTorch.Configuration.FileStore", "src\plugins\CodeTorch.Configuration.FileStore\CodeTorch.Configuration.FileStore.csproj", "{5FB880CE-5223-4C50-AC5A-885011C5728E}"
EndProject
Project("{FAE04EC0-301F-11D3-BF4B-00C04F79EFBC}") = "CodeTorch.Tests", "tests\CodeTorch.Tests\CodeTorch.Tests.csproj", "{1C187104-D46C-494F-B6BB-8B9563FFBE1D}"
EndProject
Project("{FAE04EC0-301F-11D3-BF4B-00C04F79EFBC}") = "CodeTorch.Logger.Log4Net", "src\plugins\CodeTorch.Logger.Log4Net\CodeTorch.Logger.Log4Net.csproj", "{04DB4227-3A47-4BEB-9816-FB6011582C72}"
EndProject
Project("{FAE04EC0-301F-11D3-BF4B-00C04F79EFBC}") = "CodeTorch.Web.Backend", "src\webforms\CodeTorch.Web.Backend\CodeTorch.Web.Backend.csproj", "{DEE8BF0C-1D70-411C-92C9-568B7B571336}"
EndProject
Project("{FAE04EC0-301F-11D3-BF4B-00C04F79EFBC}") = "CodeTorch.Backend", "src\core\CodeTorch.Backend\CodeTorch.Backend.csproj", "{70E6DF49-EA9D-4F16-8875-A4834CD644F3}"
EndProject
Project("{FAE04EC0-301F-11D3-BF4B-00C04F79EFBC}") = "CodeTorch.Ioc.Simple", "src\plugins\CodeTorch.Ioc.Simple\CodeTorch.Ioc.Simple.csproj", "{6CCC826E-640B-457A-BAFF-66909C62474F}"
EndProject
Project("{FAE04EC0-301F-11D3-BF4B-00C04F79EFBC}") = "CodeTorch.Ioc.Autofac", "src\plugins\CodeTorch.Ioc.Autofac\CodeTorch.Ioc.Autofac.csproj", "{49F7FC58-9563-4FD0-A5C8-DE6F63543A8D}"
EndProject
Project("{FAE04EC0-301F-11D3-BF4B-00C04F79EFBC}") = "CodeTorch.Blazor", "src\blazor\CodeTorch.Blazor\CodeTorch.Blazor.csproj", "{39E83AB8-255F-4D84-93EF-A111E61B8340}"
EndProject
Global
	GlobalSection(SolutionConfigurationPlatforms) = preSolution
		Debug|Any CPU = Debug|Any CPU
		Debug|ARM = Debug|ARM
		Debug|Mixed Platforms = Debug|Mixed Platforms
		Debug|x86 = Debug|x86
		Obfuscate|Any CPU = Obfuscate|Any CPU
		Obfuscate|ARM = Obfuscate|ARM
		Obfuscate|Mixed Platforms = Obfuscate|Mixed Platforms
		Obfuscate|x86 = Obfuscate|x86
		Release|Any CPU = Release|Any CPU
		Release|ARM = Release|ARM
		Release|Mixed Platforms = Release|Mixed Platforms
		Release|x86 = Release|x86
	EndGlobalSection
	GlobalSection(ProjectConfigurationPlatforms) = postSolution
		{ACABE9A8-825E-46A4-8A52-EC44DA8357F7}.Debug|Any CPU.ActiveCfg = Debug|Any CPU
		{ACABE9A8-825E-46A4-8A52-EC44DA8357F7}.Debug|Any CPU.Build.0 = Debug|Any CPU
		{ACABE9A8-825E-46A4-8A52-EC44DA8357F7}.Debug|ARM.ActiveCfg = Debug|Any CPU
		{ACABE9A8-825E-46A4-8A52-EC44DA8357F7}.Debug|ARM.Build.0 = Debug|Any CPU
		{ACABE9A8-825E-46A4-8A52-EC44DA8357F7}.Debug|Mixed Platforms.ActiveCfg = Debug|Any CPU
		{ACABE9A8-825E-46A4-8A52-EC44DA8357F7}.Debug|Mixed Platforms.Build.0 = Debug|Any CPU
		{ACABE9A8-825E-46A4-8A52-EC44DA8357F7}.Debug|x86.ActiveCfg = Debug|Any CPU
		{ACABE9A8-825E-46A4-8A52-EC44DA8357F7}.Debug|x86.Build.0 = Debug|Any CPU
		{ACABE9A8-825E-46A4-8A52-EC44DA8357F7}.Obfuscate|Any CPU.ActiveCfg = Release|Any CPU
		{ACABE9A8-825E-46A4-8A52-EC44DA8357F7}.Obfuscate|Any CPU.Build.0 = Release|Any CPU
		{ACABE9A8-825E-46A4-8A52-EC44DA8357F7}.Obfuscate|ARM.ActiveCfg = Release|Any CPU
		{ACABE9A8-825E-46A4-8A52-EC44DA8357F7}.Obfuscate|ARM.Build.0 = Release|Any CPU
		{ACABE9A8-825E-46A4-8A52-EC44DA8357F7}.Obfuscate|Mixed Platforms.ActiveCfg = Release|Any CPU
		{ACABE9A8-825E-46A4-8A52-EC44DA8357F7}.Obfuscate|Mixed Platforms.Build.0 = Release|Any CPU
		{ACABE9A8-825E-46A4-8A52-EC44DA8357F7}.Obfuscate|x86.ActiveCfg = Release|Any CPU
		{ACABE9A8-825E-46A4-8A52-EC44DA8357F7}.Obfuscate|x86.Build.0 = Release|Any CPU
		{ACABE9A8-825E-46A4-8A52-EC44DA8357F7}.Release|Any CPU.ActiveCfg = Release|Any CPU
		{ACABE9A8-825E-46A4-8A52-EC44DA8357F7}.Release|Any CPU.Build.0 = Release|Any CPU
		{ACABE9A8-825E-46A4-8A52-EC44DA8357F7}.Release|ARM.ActiveCfg = Release|Any CPU
		{ACABE9A8-825E-46A4-8A52-EC44DA8357F7}.Release|ARM.Build.0 = Release|Any CPU
		{ACABE9A8-825E-46A4-8A52-EC44DA8357F7}.Release|Mixed Platforms.ActiveCfg = Release|Any CPU
		{ACABE9A8-825E-46A4-8A52-EC44DA8357F7}.Release|Mixed Platforms.Build.0 = Release|Any CPU
		{ACABE9A8-825E-46A4-8A52-EC44DA8357F7}.Release|x86.ActiveCfg = Release|Any CPU
		{ACABE9A8-825E-46A4-8A52-EC44DA8357F7}.Release|x86.Build.0 = Release|Any CPU
		{FFA210B6-B65E-4CB3-9A43-E546F132E78A}.Debug|Any CPU.ActiveCfg = Debug|Any CPU
		{FFA210B6-B65E-4CB3-9A43-E546F132E78A}.Debug|Any CPU.Build.0 = Debug|Any CPU
		{FFA210B6-B65E-4CB3-9A43-E546F132E78A}.Debug|ARM.ActiveCfg = Debug|Any CPU
		{FFA210B6-B65E-4CB3-9A43-E546F132E78A}.Debug|ARM.Build.0 = Debug|Any CPU
		{FFA210B6-B65E-4CB3-9A43-E546F132E78A}.Debug|Mixed Platforms.ActiveCfg = Debug|Any CPU
		{FFA210B6-B65E-4CB3-9A43-E546F132E78A}.Debug|Mixed Platforms.Build.0 = Debug|Any CPU
		{FFA210B6-B65E-4CB3-9A43-E546F132E78A}.Debug|x86.ActiveCfg = Debug|Any CPU
		{FFA210B6-B65E-4CB3-9A43-E546F132E78A}.Debug|x86.Build.0 = Debug|Any CPU
		{FFA210B6-B65E-4CB3-9A43-E546F132E78A}.Obfuscate|Any CPU.ActiveCfg = Obfuscate|Any CPU
		{FFA210B6-B65E-4CB3-9A43-E546F132E78A}.Obfuscate|Any CPU.Build.0 = Obfuscate|Any CPU
		{FFA210B6-B65E-4CB3-9A43-E546F132E78A}.Obfuscate|ARM.ActiveCfg = Obfuscate|Any CPU
		{FFA210B6-B65E-4CB3-9A43-E546F132E78A}.Obfuscate|ARM.Build.0 = Obfuscate|Any CPU
		{FFA210B6-B65E-4CB3-9A43-E546F132E78A}.Obfuscate|Mixed Platforms.ActiveCfg = Obfuscate|Any CPU
		{FFA210B6-B65E-4CB3-9A43-E546F132E78A}.Obfuscate|Mixed Platforms.Build.0 = Obfuscate|Any CPU
		{FFA210B6-B65E-4CB3-9A43-E546F132E78A}.Obfuscate|x86.ActiveCfg = Obfuscate|Any CPU
		{FFA210B6-B65E-4CB3-9A43-E546F132E78A}.Obfuscate|x86.Build.0 = Obfuscate|Any CPU
		{FFA210B6-B65E-4CB3-9A43-E546F132E78A}.Release|Any CPU.ActiveCfg = Release|Any CPU
		{FFA210B6-B65E-4CB3-9A43-E546F132E78A}.Release|Any CPU.Build.0 = Release|Any CPU
		{FFA210B6-B65E-4CB3-9A43-E546F132E78A}.Release|ARM.ActiveCfg = Release|Any CPU
		{FFA210B6-B65E-4CB3-9A43-E546F132E78A}.Release|ARM.Build.0 = Release|Any CPU
		{FFA210B6-B65E-4CB3-9A43-E546F132E78A}.Release|Mixed Platforms.ActiveCfg = Release|Any CPU
		{FFA210B6-B65E-4CB3-9A43-E546F132E78A}.Release|Mixed Platforms.Build.0 = Release|Any CPU
		{FFA210B6-B65E-4CB3-9A43-E546F132E78A}.Release|x86.ActiveCfg = Release|Any CPU
		{FFA210B6-B65E-4CB3-9A43-E546F132E78A}.Release|x86.Build.0 = Release|Any CPU
		{3F8C0B87-F3D4-4B3D-B327-1376F9164B3C}.Debug|Any CPU.ActiveCfg = Debug|Any CPU
		{3F8C0B87-F3D4-4B3D-B327-1376F9164B3C}.Debug|Any CPU.Build.0 = Debug|Any CPU
		{3F8C0B87-F3D4-4B3D-B327-1376F9164B3C}.Debug|ARM.ActiveCfg = Debug|Any CPU
		{3F8C0B87-F3D4-4B3D-B327-1376F9164B3C}.Debug|ARM.Build.0 = Debug|Any CPU
		{3F8C0B87-F3D4-4B3D-B327-1376F9164B3C}.Debug|Mixed Platforms.ActiveCfg = Debug|Any CPU
		{3F8C0B87-F3D4-4B3D-B327-1376F9164B3C}.Debug|Mixed Platforms.Build.0 = Debug|Any CPU
		{3F8C0B87-F3D4-4B3D-B327-1376F9164B3C}.Debug|x86.ActiveCfg = Debug|Any CPU
		{3F8C0B87-F3D4-4B3D-B327-1376F9164B3C}.Debug|x86.Build.0 = Debug|Any CPU
		{3F8C0B87-F3D4-4B3D-B327-1376F9164B3C}.Obfuscate|Any CPU.ActiveCfg = Obfuscate|Any CPU
		{3F8C0B87-F3D4-4B3D-B327-1376F9164B3C}.Obfuscate|Any CPU.Build.0 = Obfuscate|Any CPU
		{3F8C0B87-F3D4-4B3D-B327-1376F9164B3C}.Obfuscate|ARM.ActiveCfg = Obfuscate|Any CPU
		{3F8C0B87-F3D4-4B3D-B327-1376F9164B3C}.Obfuscate|ARM.Build.0 = Obfuscate|Any CPU
		{3F8C0B87-F3D4-4B3D-B327-1376F9164B3C}.Obfuscate|Mixed Platforms.ActiveCfg = Obfuscate|Any CPU
		{3F8C0B87-F3D4-4B3D-B327-1376F9164B3C}.Obfuscate|Mixed Platforms.Build.0 = Obfuscate|Any CPU
		{3F8C0B87-F3D4-4B3D-B327-1376F9164B3C}.Obfuscate|x86.ActiveCfg = Obfuscate|Any CPU
		{3F8C0B87-F3D4-4B3D-B327-1376F9164B3C}.Obfuscate|x86.Build.0 = Obfuscate|Any CPU
		{3F8C0B87-F3D4-4B3D-B327-1376F9164B3C}.Release|Any CPU.ActiveCfg = Release|Any CPU
		{3F8C0B87-F3D4-4B3D-B327-1376F9164B3C}.Release|Any CPU.Build.0 = Release|Any CPU
		{3F8C0B87-F3D4-4B3D-B327-1376F9164B3C}.Release|ARM.ActiveCfg = Release|Any CPU
		{3F8C0B87-F3D4-4B3D-B327-1376F9164B3C}.Release|ARM.Build.0 = Release|Any CPU
		{3F8C0B87-F3D4-4B3D-B327-1376F9164B3C}.Release|Mixed Platforms.ActiveCfg = Release|Any CPU
		{3F8C0B87-F3D4-4B3D-B327-1376F9164B3C}.Release|Mixed Platforms.Build.0 = Release|Any CPU
		{3F8C0B87-F3D4-4B3D-B327-1376F9164B3C}.Release|x86.ActiveCfg = Release|Any CPU
		{3F8C0B87-F3D4-4B3D-B327-1376F9164B3C}.Release|x86.Build.0 = Release|Any CPU
		{CFF06607-17A4-4351-9566-B54569C5BFFE}.Debug|Any CPU.ActiveCfg = Debug|Any CPU
		{CFF06607-17A4-4351-9566-B54569C5BFFE}.Debug|Any CPU.Build.0 = Debug|Any CPU
		{CFF06607-17A4-4351-9566-B54569C5BFFE}.Debug|ARM.ActiveCfg = Debug|Any CPU
		{CFF06607-17A4-4351-9566-B54569C5BFFE}.Debug|ARM.Build.0 = Debug|Any CPU
		{CFF06607-17A4-4351-9566-B54569C5BFFE}.Debug|Mixed Platforms.ActiveCfg = Debug|Any CPU
		{CFF06607-17A4-4351-9566-B54569C5BFFE}.Debug|Mixed Platforms.Build.0 = Debug|Any CPU
		{CFF06607-17A4-4351-9566-B54569C5BFFE}.Debug|x86.ActiveCfg = Debug|Any CPU
		{CFF06607-17A4-4351-9566-B54569C5BFFE}.Debug|x86.Build.0 = Debug|Any CPU
		{CFF06607-17A4-4351-9566-B54569C5BFFE}.Obfuscate|Any CPU.ActiveCfg = Release|Any CPU
		{CFF06607-17A4-4351-9566-B54569C5BFFE}.Obfuscate|Any CPU.Build.0 = Release|Any CPU
		{CFF06607-17A4-4351-9566-B54569C5BFFE}.Obfuscate|ARM.ActiveCfg = Release|Any CPU
		{CFF06607-17A4-4351-9566-B54569C5BFFE}.Obfuscate|ARM.Build.0 = Release|Any CPU
		{CFF06607-17A4-4351-9566-B54569C5BFFE}.Obfuscate|Mixed Platforms.ActiveCfg = Release|Any CPU
		{CFF06607-17A4-4351-9566-B54569C5BFFE}.Obfuscate|Mixed Platforms.Build.0 = Release|Any CPU
		{CFF06607-17A4-4351-9566-B54569C5BFFE}.Obfuscate|x86.ActiveCfg = Release|Any CPU
		{CFF06607-17A4-4351-9566-B54569C5BFFE}.Obfuscate|x86.Build.0 = Release|Any CPU
		{CFF06607-17A4-4351-9566-B54569C5BFFE}.Release|Any CPU.ActiveCfg = Release|Any CPU
		{CFF06607-17A4-4351-9566-B54569C5BFFE}.Release|Any CPU.Build.0 = Release|Any CPU
		{CFF06607-17A4-4351-9566-B54569C5BFFE}.Release|ARM.ActiveCfg = Release|Any CPU
		{CFF06607-17A4-4351-9566-B54569C5BFFE}.Release|ARM.Build.0 = Release|Any CPU
		{CFF06607-17A4-4351-9566-B54569C5BFFE}.Release|Mixed Platforms.ActiveCfg = Release|Any CPU
		{CFF06607-17A4-4351-9566-B54569C5BFFE}.Release|Mixed Platforms.Build.0 = Release|Any CPU
		{CFF06607-17A4-4351-9566-B54569C5BFFE}.Release|x86.ActiveCfg = Release|Any CPU
		{CFF06607-17A4-4351-9566-B54569C5BFFE}.Release|x86.Build.0 = Release|Any CPU
		{B4035297-224C-404C-925D-0807F7D5EC25}.Debug|Any CPU.ActiveCfg = Debug|Any CPU
		{B4035297-224C-404C-925D-0807F7D5EC25}.Debug|Any CPU.Build.0 = Debug|Any CPU
		{B4035297-224C-404C-925D-0807F7D5EC25}.Debug|ARM.ActiveCfg = Debug|Any CPU
		{B4035297-224C-404C-925D-0807F7D5EC25}.Debug|ARM.Build.0 = Debug|Any CPU
		{B4035297-224C-404C-925D-0807F7D5EC25}.Debug|Mixed Platforms.ActiveCfg = Debug|Any CPU
		{B4035297-224C-404C-925D-0807F7D5EC25}.Debug|Mixed Platforms.Build.0 = Debug|Any CPU
		{B4035297-224C-404C-925D-0807F7D5EC25}.Debug|x86.ActiveCfg = Debug|Any CPU
		{B4035297-224C-404C-925D-0807F7D5EC25}.Debug|x86.Build.0 = Debug|Any CPU
		{B4035297-224C-404C-925D-0807F7D5EC25}.Obfuscate|Any CPU.ActiveCfg = Release|Any CPU
		{B4035297-224C-404C-925D-0807F7D5EC25}.Obfuscate|Any CPU.Build.0 = Release|Any CPU
		{B4035297-224C-404C-925D-0807F7D5EC25}.Obfuscate|ARM.ActiveCfg = Release|Any CPU
		{B4035297-224C-404C-925D-0807F7D5EC25}.Obfuscate|ARM.Build.0 = Release|Any CPU
		{B4035297-224C-404C-925D-0807F7D5EC25}.Obfuscate|Mixed Platforms.ActiveCfg = Release|Any CPU
		{B4035297-224C-404C-925D-0807F7D5EC25}.Obfuscate|Mixed Platforms.Build.0 = Release|Any CPU
		{B4035297-224C-404C-925D-0807F7D5EC25}.Obfuscate|x86.ActiveCfg = Release|Any CPU
		{B4035297-224C-404C-925D-0807F7D5EC25}.Obfuscate|x86.Build.0 = Release|Any CPU
		{B4035297-224C-404C-925D-0807F7D5EC25}.Release|Any CPU.ActiveCfg = Release|Any CPU
		{B4035297-224C-404C-925D-0807F7D5EC25}.Release|Any CPU.Build.0 = Release|Any CPU
		{B4035297-224C-404C-925D-0807F7D5EC25}.Release|ARM.ActiveCfg = Release|Any CPU
		{B4035297-224C-404C-925D-0807F7D5EC25}.Release|ARM.Build.0 = Release|Any CPU
		{B4035297-224C-404C-925D-0807F7D5EC25}.Release|Mixed Platforms.ActiveCfg = Release|Any CPU
		{B4035297-224C-404C-925D-0807F7D5EC25}.Release|Mixed Platforms.Build.0 = Release|Any CPU
		{B4035297-224C-404C-925D-0807F7D5EC25}.Release|x86.ActiveCfg = Release|Any CPU
		{B4035297-224C-404C-925D-0807F7D5EC25}.Release|x86.Build.0 = Release|Any CPU
		{0EA15C58-9F7A-4FDA-9AD5-38F3C8C42A00}.Debug|Any CPU.ActiveCfg = Debug|Any CPU
		{0EA15C58-9F7A-4FDA-9AD5-38F3C8C42A00}.Debug|Any CPU.Build.0 = Debug|Any CPU
		{0EA15C58-9F7A-4FDA-9AD5-38F3C8C42A00}.Debug|ARM.ActiveCfg = Debug|Any CPU
		{0EA15C58-9F7A-4FDA-9AD5-38F3C8C42A00}.Debug|ARM.Build.0 = Debug|Any CPU
		{0EA15C58-9F7A-4FDA-9AD5-38F3C8C42A00}.Debug|Mixed Platforms.ActiveCfg = Debug|Any CPU
		{0EA15C58-9F7A-4FDA-9AD5-38F3C8C42A00}.Debug|Mixed Platforms.Build.0 = Debug|Any CPU
		{0EA15C58-9F7A-4FDA-9AD5-38F3C8C42A00}.Debug|x86.ActiveCfg = Debug|Any CPU
		{0EA15C58-9F7A-4FDA-9AD5-38F3C8C42A00}.Debug|x86.Build.0 = Debug|Any CPU
		{0EA15C58-9F7A-4FDA-9AD5-38F3C8C42A00}.Obfuscate|Any CPU.ActiveCfg = Release|Any CPU
		{0EA15C58-9F7A-4FDA-9AD5-38F3C8C42A00}.Obfuscate|Any CPU.Build.0 = Release|Any CPU
		{0EA15C58-9F7A-4FDA-9AD5-38F3C8C42A00}.Obfuscate|ARM.ActiveCfg = Release|Any CPU
		{0EA15C58-9F7A-4FDA-9AD5-38F3C8C42A00}.Obfuscate|ARM.Build.0 = Release|Any CPU
		{0EA15C58-9F7A-4FDA-9AD5-38F3C8C42A00}.Obfuscate|Mixed Platforms.ActiveCfg = Release|Any CPU
		{0EA15C58-9F7A-4FDA-9AD5-38F3C8C42A00}.Obfuscate|Mixed Platforms.Build.0 = Release|Any CPU
		{0EA15C58-9F7A-4FDA-9AD5-38F3C8C42A00}.Obfuscate|x86.ActiveCfg = Release|Any CPU
		{0EA15C58-9F7A-4FDA-9AD5-38F3C8C42A00}.Obfuscate|x86.Build.0 = Release|Any CPU
		{0EA15C58-9F7A-4FDA-9AD5-38F3C8C42A00}.Release|Any CPU.ActiveCfg = Release|Any CPU
		{0EA15C58-9F7A-4FDA-9AD5-38F3C8C42A00}.Release|Any CPU.Build.0 = Release|Any CPU
		{0EA15C58-9F7A-4FDA-9AD5-38F3C8C42A00}.Release|ARM.ActiveCfg = Release|Any CPU
		{0EA15C58-9F7A-4FDA-9AD5-38F3C8C42A00}.Release|ARM.Build.0 = Release|Any CPU
		{0EA15C58-9F7A-4FDA-9AD5-38F3C8C42A00}.Release|Mixed Platforms.ActiveCfg = Release|Any CPU
		{0EA15C58-9F7A-4FDA-9AD5-38F3C8C42A00}.Release|Mixed Platforms.Build.0 = Release|Any CPU
		{0EA15C58-9F7A-4FDA-9AD5-38F3C8C42A00}.Release|x86.ActiveCfg = Release|Any CPU
		{0EA15C58-9F7A-4FDA-9AD5-38F3C8C42A00}.Release|x86.Build.0 = Release|Any CPU
		{6D1A61E4-7B66-4806-83EB-A60FB464CA0D}.Debug|Any CPU.ActiveCfg = Debug|Any CPU
		{6D1A61E4-7B66-4806-83EB-A60FB464CA0D}.Debug|Any CPU.Build.0 = Debug|Any CPU
		{6D1A61E4-7B66-4806-83EB-A60FB464CA0D}.Debug|ARM.ActiveCfg = Debug|Any CPU
		{6D1A61E4-7B66-4806-83EB-A60FB464CA0D}.Debug|ARM.Build.0 = Debug|Any CPU
		{6D1A61E4-7B66-4806-83EB-A60FB464CA0D}.Debug|Mixed Platforms.ActiveCfg = Debug|Any CPU
		{6D1A61E4-7B66-4806-83EB-A60FB464CA0D}.Debug|Mixed Platforms.Build.0 = Debug|Any CPU
		{6D1A61E4-7B66-4806-83EB-A60FB464CA0D}.Debug|x86.ActiveCfg = Debug|Any CPU
		{6D1A61E4-7B66-4806-83EB-A60FB464CA0D}.Debug|x86.Build.0 = Debug|Any CPU
		{6D1A61E4-7B66-4806-83EB-A60FB464CA0D}.Obfuscate|Any CPU.ActiveCfg = Release|Any CPU
		{6D1A61E4-7B66-4806-83EB-A60FB464CA0D}.Obfuscate|Any CPU.Build.0 = Release|Any CPU
		{6D1A61E4-7B66-4806-83EB-A60FB464CA0D}.Obfuscate|ARM.ActiveCfg = Release|Any CPU
		{6D1A61E4-7B66-4806-83EB-A60FB464CA0D}.Obfuscate|ARM.Build.0 = Release|Any CPU
		{6D1A61E4-7B66-4806-83EB-A60FB464CA0D}.Obfuscate|Mixed Platforms.ActiveCfg = Release|Any CPU
		{6D1A61E4-7B66-4806-83EB-A60FB464CA0D}.Obfuscate|Mixed Platforms.Build.0 = Release|Any CPU
		{6D1A61E4-7B66-4806-83EB-A60FB464CA0D}.Obfuscate|x86.ActiveCfg = Release|Any CPU
		{6D1A61E4-7B66-4806-83EB-A60FB464CA0D}.Obfuscate|x86.Build.0 = Release|Any CPU
		{6D1A61E4-7B66-4806-83EB-A60FB464CA0D}.Release|Any CPU.ActiveCfg = Release|Any CPU
		{6D1A61E4-7B66-4806-83EB-A60FB464CA0D}.Release|Any CPU.Build.0 = Release|Any CPU
		{6D1A61E4-7B66-4806-83EB-A60FB464CA0D}.Release|ARM.ActiveCfg = Release|Any CPU
		{6D1A61E4-7B66-4806-83EB-A60FB464CA0D}.Release|ARM.Build.0 = Release|Any CPU
		{6D1A61E4-7B66-4806-83EB-A60FB464CA0D}.Release|Mixed Platforms.ActiveCfg = Release|Any CPU
		{6D1A61E4-7B66-4806-83EB-A60FB464CA0D}.Release|Mixed Platforms.Build.0 = Release|Any CPU
		{6D1A61E4-7B66-4806-83EB-A60FB464CA0D}.Release|x86.ActiveCfg = Release|Any CPU
		{6D1A61E4-7B66-4806-83EB-A60FB464CA0D}.Release|x86.Build.0 = Release|Any CPU
		{11648974-1332-4970-A870-D4F5D477E09E}.Debug|Any CPU.ActiveCfg = Debug|Any CPU
		{11648974-1332-4970-A870-D4F5D477E09E}.Debug|Any CPU.Build.0 = Debug|Any CPU
		{11648974-1332-4970-A870-D4F5D477E09E}.Debug|ARM.ActiveCfg = Debug|Any CPU
		{11648974-1332-4970-A870-D4F5D477E09E}.Debug|ARM.Build.0 = Debug|Any CPU
		{11648974-1332-4970-A870-D4F5D477E09E}.Debug|Mixed Platforms.ActiveCfg = Debug|Any CPU
		{11648974-1332-4970-A870-D4F5D477E09E}.Debug|Mixed Platforms.Build.0 = Debug|Any CPU
		{11648974-1332-4970-A870-D4F5D477E09E}.Debug|x86.ActiveCfg = Debug|Any CPU
		{11648974-1332-4970-A870-D4F5D477E09E}.Debug|x86.Build.0 = Debug|Any CPU
		{11648974-1332-4970-A870-D4F5D477E09E}.Obfuscate|Any CPU.ActiveCfg = Release|Any CPU
		{11648974-1332-4970-A870-D4F5D477E09E}.Obfuscate|Any CPU.Build.0 = Release|Any CPU
		{11648974-1332-4970-A870-D4F5D477E09E}.Obfuscate|ARM.ActiveCfg = Release|Any CPU
		{11648974-1332-4970-A870-D4F5D477E09E}.Obfuscate|ARM.Build.0 = Release|Any CPU
		{11648974-1332-4970-A870-D4F5D477E09E}.Obfuscate|Mixed Platforms.ActiveCfg = Release|Any CPU
		{11648974-1332-4970-A870-D4F5D477E09E}.Obfuscate|Mixed Platforms.Build.0 = Release|Any CPU
		{11648974-1332-4970-A870-D4F5D477E09E}.Obfuscate|x86.ActiveCfg = Release|Any CPU
		{11648974-1332-4970-A870-D4F5D477E09E}.Obfuscate|x86.Build.0 = Release|Any CPU
		{11648974-1332-4970-A870-D4F5D477E09E}.Release|Any CPU.ActiveCfg = Release|Any CPU
		{11648974-1332-4970-A870-D4F5D477E09E}.Release|Any CPU.Build.0 = Release|Any CPU
		{11648974-1332-4970-A870-D4F5D477E09E}.Release|ARM.ActiveCfg = Release|Any CPU
		{11648974-1332-4970-A870-D4F5D477E09E}.Release|ARM.Build.0 = Release|Any CPU
		{11648974-1332-4970-A870-D4F5D477E09E}.Release|Mixed Platforms.ActiveCfg = Release|Any CPU
		{11648974-1332-4970-A870-D4F5D477E09E}.Release|Mixed Platforms.Build.0 = Release|Any CPU
		{11648974-1332-4970-A870-D4F5D477E09E}.Release|x86.ActiveCfg = Release|Any CPU
		{11648974-1332-4970-A870-D4F5D477E09E}.Release|x86.Build.0 = Release|Any CPU
		{E7879D50-16DD-4930-B64A-E07A8C791CBA}.Debug|Any CPU.ActiveCfg = Debug|Any CPU
		{E7879D50-16DD-4930-B64A-E07A8C791CBA}.Debug|Any CPU.Build.0 = Debug|Any CPU
		{E7879D50-16DD-4930-B64A-E07A8C791CBA}.Debug|ARM.ActiveCfg = Debug|Any CPU
		{E7879D50-16DD-4930-B64A-E07A8C791CBA}.Debug|ARM.Build.0 = Debug|Any CPU
		{E7879D50-16DD-4930-B64A-E07A8C791CBA}.Debug|Mixed Platforms.ActiveCfg = Debug|Any CPU
		{E7879D50-16DD-4930-B64A-E07A8C791CBA}.Debug|Mixed Platforms.Build.0 = Debug|Any CPU
		{E7879D50-16DD-4930-B64A-E07A8C791CBA}.Debug|x86.ActiveCfg = Debug|Any CPU
		{E7879D50-16DD-4930-B64A-E07A8C791CBA}.Debug|x86.Build.0 = Debug|Any CPU
		{E7879D50-16DD-4930-B64A-E07A8C791CBA}.Obfuscate|Any CPU.ActiveCfg = Release|Any CPU
		{E7879D50-16DD-4930-B64A-E07A8C791CBA}.Obfuscate|Any CPU.Build.0 = Release|Any CPU
		{E7879D50-16DD-4930-B64A-E07A8C791CBA}.Obfuscate|ARM.ActiveCfg = Release|Any CPU
		{E7879D50-16DD-4930-B64A-E07A8C791CBA}.Obfuscate|ARM.Build.0 = Release|Any CPU
		{E7879D50-16DD-4930-B64A-E07A8C791CBA}.Obfuscate|Mixed Platforms.ActiveCfg = Release|Any CPU
		{E7879D50-16DD-4930-B64A-E07A8C791CBA}.Obfuscate|Mixed Platforms.Build.0 = Release|Any CPU
		{E7879D50-16DD-4930-B64A-E07A8C791CBA}.Obfuscate|x86.ActiveCfg = Release|Any CPU
		{E7879D50-16DD-4930-B64A-E07A8C791CBA}.Obfuscate|x86.Build.0 = Release|Any CPU
		{E7879D50-16DD-4930-B64A-E07A8C791CBA}.Release|Any CPU.ActiveCfg = Release|Any CPU
		{E7879D50-16DD-4930-B64A-E07A8C791CBA}.Release|Any CPU.Build.0 = Release|Any CPU
		{E7879D50-16DD-4930-B64A-E07A8C791CBA}.Release|ARM.ActiveCfg = Release|Any CPU
		{E7879D50-16DD-4930-B64A-E07A8C791CBA}.Release|ARM.Build.0 = Release|Any CPU
		{E7879D50-16DD-4930-B64A-E07A8C791CBA}.Release|Mixed Platforms.ActiveCfg = Release|Any CPU
		{E7879D50-16DD-4930-B64A-E07A8C791CBA}.Release|Mixed Platforms.Build.0 = Release|Any CPU
		{E7879D50-16DD-4930-B64A-E07A8C791CBA}.Release|x86.ActiveCfg = Release|Any CPU
		{E7879D50-16DD-4930-B64A-E07A8C791CBA}.Release|x86.Build.0 = Release|Any CPU
		{68AB6F55-EDDA-48D0-A0E8-16EAB83D0703}.Debug|Any CPU.ActiveCfg = Debug|Any CPU
		{68AB6F55-EDDA-48D0-A0E8-16EAB83D0703}.Debug|Any CPU.Build.0 = Debug|Any CPU
		{68AB6F55-EDDA-48D0-A0E8-16EAB83D0703}.Debug|ARM.ActiveCfg = Debug|Any CPU
		{68AB6F55-EDDA-48D0-A0E8-16EAB83D0703}.Debug|ARM.Build.0 = Debug|Any CPU
		{68AB6F55-EDDA-48D0-A0E8-16EAB83D0703}.Debug|Mixed Platforms.ActiveCfg = Debug|Any CPU
		{68AB6F55-EDDA-48D0-A0E8-16EAB83D0703}.Debug|Mixed Platforms.Build.0 = Debug|Any CPU
		{68AB6F55-EDDA-48D0-A0E8-16EAB83D0703}.Debug|x86.ActiveCfg = Debug|Any CPU
		{68AB6F55-EDDA-48D0-A0E8-16EAB83D0703}.Debug|x86.Build.0 = Debug|Any CPU
		{68AB6F55-EDDA-48D0-A0E8-16EAB83D0703}.Obfuscate|Any CPU.ActiveCfg = Release|Any CPU
		{68AB6F55-EDDA-48D0-A0E8-16EAB83D0703}.Obfuscate|Any CPU.Build.0 = Release|Any CPU
		{68AB6F55-EDDA-48D0-A0E8-16EAB83D0703}.Obfuscate|ARM.ActiveCfg = Release|Any CPU
		{68AB6F55-EDDA-48D0-A0E8-16EAB83D0703}.Obfuscate|ARM.Build.0 = Release|Any CPU
		{68AB6F55-EDDA-48D0-A0E8-16EAB83D0703}.Obfuscate|Mixed Platforms.ActiveCfg = Release|Any CPU
		{68AB6F55-EDDA-48D0-A0E8-16EAB83D0703}.Obfuscate|Mixed Platforms.Build.0 = Release|Any CPU
		{68AB6F55-EDDA-48D0-A0E8-16EAB83D0703}.Obfuscate|x86.ActiveCfg = Release|Any CPU
		{68AB6F55-EDDA-48D0-A0E8-16EAB83D0703}.Obfuscate|x86.Build.0 = Release|Any CPU
		{68AB6F55-EDDA-48D0-A0E8-16EAB83D0703}.Release|Any CPU.ActiveCfg = Release|Any CPU
		{68AB6F55-EDDA-48D0-A0E8-16EAB83D0703}.Release|Any CPU.Build.0 = Release|Any CPU
		{68AB6F55-EDDA-48D0-A0E8-16EAB83D0703}.Release|ARM.ActiveCfg = Release|Any CPU
		{68AB6F55-EDDA-48D0-A0E8-16EAB83D0703}.Release|ARM.Build.0 = Release|Any CPU
		{68AB6F55-EDDA-48D0-A0E8-16EAB83D0703}.Release|Mixed Platforms.ActiveCfg = Release|Any CPU
		{68AB6F55-EDDA-48D0-A0E8-16EAB83D0703}.Release|Mixed Platforms.Build.0 = Release|Any CPU
		{68AB6F55-EDDA-48D0-A0E8-16EAB83D0703}.Release|x86.ActiveCfg = Release|Any CPU
		{68AB6F55-EDDA-48D0-A0E8-16EAB83D0703}.Release|x86.Build.0 = Release|Any CPU
		{9A8288D1-A0D0-4823-AB4C-46F6FEBB833E}.Debug|Any CPU.ActiveCfg = Debug|Any CPU
		{9A8288D1-A0D0-4823-AB4C-46F6FEBB833E}.Debug|Any CPU.Build.0 = Debug|Any CPU
		{9A8288D1-A0D0-4823-AB4C-46F6FEBB833E}.Debug|ARM.ActiveCfg = Debug|Any CPU
		{9A8288D1-A0D0-4823-AB4C-46F6FEBB833E}.Debug|ARM.Build.0 = Debug|Any CPU
		{9A8288D1-A0D0-4823-AB4C-46F6FEBB833E}.Debug|Mixed Platforms.ActiveCfg = Debug|Any CPU
		{9A8288D1-A0D0-4823-AB4C-46F6FEBB833E}.Debug|Mixed Platforms.Build.0 = Debug|Any CPU
		{9A8288D1-A0D0-4823-AB4C-46F6FEBB833E}.Debug|x86.ActiveCfg = Debug|Any CPU
		{9A8288D1-A0D0-4823-AB4C-46F6FEBB833E}.Debug|x86.Build.0 = Debug|Any CPU
		{9A8288D1-A0D0-4823-AB4C-46F6FEBB833E}.Obfuscate|Any CPU.ActiveCfg = Obfuscate|Any CPU
		{9A8288D1-A0D0-4823-AB4C-46F6FEBB833E}.Obfuscate|Any CPU.Build.0 = Obfuscate|Any CPU
		{9A8288D1-A0D0-4823-AB4C-46F6FEBB833E}.Obfuscate|ARM.ActiveCfg = Obfuscate|Any CPU
		{9A8288D1-A0D0-4823-AB4C-46F6FEBB833E}.Obfuscate|ARM.Build.0 = Obfuscate|Any CPU
		{9A8288D1-A0D0-4823-AB4C-46F6FEBB833E}.Obfuscate|Mixed Platforms.ActiveCfg = Obfuscate|Any CPU
		{9A8288D1-A0D0-4823-AB4C-46F6FEBB833E}.Obfuscate|Mixed Platforms.Build.0 = Obfuscate|Any CPU
		{9A8288D1-A0D0-4823-AB4C-46F6FEBB833E}.Obfuscate|x86.ActiveCfg = Obfuscate|Any CPU
		{9A8288D1-A0D0-4823-AB4C-46F6FEBB833E}.Obfuscate|x86.Build.0 = Obfuscate|Any CPU
		{9A8288D1-A0D0-4823-AB4C-46F6FEBB833E}.Release|Any CPU.ActiveCfg = Release|Any CPU
		{9A8288D1-A0D0-4823-AB4C-46F6FEBB833E}.Release|Any CPU.Build.0 = Release|Any CPU
		{9A8288D1-A0D0-4823-AB4C-46F6FEBB833E}.Release|ARM.ActiveCfg = Release|Any CPU
		{9A8288D1-A0D0-4823-AB4C-46F6FEBB833E}.Release|ARM.Build.0 = Release|Any CPU
		{9A8288D1-A0D0-4823-AB4C-46F6FEBB833E}.Release|Mixed Platforms.ActiveCfg = Release|Any CPU
		{9A8288D1-A0D0-4823-AB4C-46F6FEBB833E}.Release|Mixed Platforms.Build.0 = Release|Any CPU
		{9A8288D1-A0D0-4823-AB4C-46F6FEBB833E}.Release|x86.ActiveCfg = Release|Any CPU
		{9A8288D1-A0D0-4823-AB4C-46F6FEBB833E}.Release|x86.Build.0 = Release|Any CPU
		{2B385878-F208-4181-B275-9E86230FB730}.Debug|Any CPU.ActiveCfg = Debug|Any CPU
		{2B385878-F208-4181-B275-9E86230FB730}.Debug|Any CPU.Build.0 = Debug|Any CPU
		{2B385878-F208-4181-B275-9E86230FB730}.Debug|ARM.ActiveCfg = Debug|Any CPU
		{2B385878-F208-4181-B275-9E86230FB730}.Debug|ARM.Build.0 = Debug|Any CPU
		{2B385878-F208-4181-B275-9E86230FB730}.Debug|Mixed Platforms.ActiveCfg = Debug|Any CPU
		{2B385878-F208-4181-B275-9E86230FB730}.Debug|Mixed Platforms.Build.0 = Debug|Any CPU
		{2B385878-F208-4181-B275-9E86230FB730}.Debug|x86.ActiveCfg = Debug|Any CPU
		{2B385878-F208-4181-B275-9E86230FB730}.Debug|x86.Build.0 = Debug|Any CPU
		{2B385878-F208-4181-B275-9E86230FB730}.Obfuscate|Any CPU.ActiveCfg = Obfuscate|Any CPU
		{2B385878-F208-4181-B275-9E86230FB730}.Obfuscate|Any CPU.Build.0 = Obfuscate|Any CPU
		{2B385878-F208-4181-B275-9E86230FB730}.Obfuscate|ARM.ActiveCfg = Obfuscate|Any CPU
		{2B385878-F208-4181-B275-9E86230FB730}.Obfuscate|ARM.Build.0 = Obfuscate|Any CPU
		{2B385878-F208-4181-B275-9E86230FB730}.Obfuscate|Mixed Platforms.ActiveCfg = Obfuscate|Any CPU
		{2B385878-F208-4181-B275-9E86230FB730}.Obfuscate|Mixed Platforms.Build.0 = Obfuscate|Any CPU
		{2B385878-F208-4181-B275-9E86230FB730}.Obfuscate|x86.ActiveCfg = Obfuscate|Any CPU
		{2B385878-F208-4181-B275-9E86230FB730}.Obfuscate|x86.Build.0 = Obfuscate|Any CPU
		{2B385878-F208-4181-B275-9E86230FB730}.Release|Any CPU.ActiveCfg = Release|Any CPU
		{2B385878-F208-4181-B275-9E86230FB730}.Release|Any CPU.Build.0 = Release|Any CPU
		{2B385878-F208-4181-B275-9E86230FB730}.Release|ARM.ActiveCfg = Release|Any CPU
		{2B385878-F208-4181-B275-9E86230FB730}.Release|ARM.Build.0 = Release|Any CPU
		{2B385878-F208-4181-B275-9E86230FB730}.Release|Mixed Platforms.ActiveCfg = Release|Any CPU
		{2B385878-F208-4181-B275-9E86230FB730}.Release|Mixed Platforms.Build.0 = Release|Any CPU
		{2B385878-F208-4181-B275-9E86230FB730}.Release|x86.ActiveCfg = Release|Any CPU
		{2B385878-F208-4181-B275-9E86230FB730}.Release|x86.Build.0 = Release|Any CPU
		{C7EF18BF-DA82-41FE-9F4D-CB7F12A62AF8}.Debug|Any CPU.ActiveCfg = Debug|Any CPU
		{C7EF18BF-DA82-41FE-9F4D-CB7F12A62AF8}.Debug|Any CPU.Build.0 = Debug|Any CPU
		{C7EF18BF-DA82-41FE-9F4D-CB7F12A62AF8}.Debug|ARM.ActiveCfg = Debug|Any CPU
		{C7EF18BF-DA82-41FE-9F4D-CB7F12A62AF8}.Debug|ARM.Build.0 = Debug|Any CPU
		{C7EF18BF-DA82-41FE-9F4D-CB7F12A62AF8}.Debug|Mixed Platforms.ActiveCfg = Debug|Any CPU
		{C7EF18BF-DA82-41FE-9F4D-CB7F12A62AF8}.Debug|Mixed Platforms.Build.0 = Debug|Any CPU
		{C7EF18BF-DA82-41FE-9F4D-CB7F12A62AF8}.Debug|x86.ActiveCfg = Debug|Any CPU
		{C7EF18BF-DA82-41FE-9F4D-CB7F12A62AF8}.Debug|x86.Build.0 = Debug|Any CPU
		{C7EF18BF-DA82-41FE-9F4D-CB7F12A62AF8}.Obfuscate|Any CPU.ActiveCfg = Release|Any CPU
		{C7EF18BF-DA82-41FE-9F4D-CB7F12A62AF8}.Obfuscate|Any CPU.Build.0 = Release|Any CPU
		{C7EF18BF-DA82-41FE-9F4D-CB7F12A62AF8}.Obfuscate|ARM.ActiveCfg = Release|Any CPU
		{C7EF18BF-DA82-41FE-9F4D-CB7F12A62AF8}.Obfuscate|ARM.Build.0 = Release|Any CPU
		{C7EF18BF-DA82-41FE-9F4D-CB7F12A62AF8}.Obfuscate|Mixed Platforms.ActiveCfg = Release|Any CPU
		{C7EF18BF-DA82-41FE-9F4D-CB7F12A62AF8}.Obfuscate|Mixed Platforms.Build.0 = Release|Any CPU
		{C7EF18BF-DA82-41FE-9F4D-CB7F12A62AF8}.Obfuscate|x86.ActiveCfg = Release|Any CPU
		{C7EF18BF-DA82-41FE-9F4D-CB7F12A62AF8}.Obfuscate|x86.Build.0 = Release|Any CPU
		{C7EF18BF-DA82-41FE-9F4D-CB7F12A62AF8}.Release|Any CPU.ActiveCfg = Release|Any CPU
		{C7EF18BF-DA82-41FE-9F4D-CB7F12A62AF8}.Release|Any CPU.Build.0 = Release|Any CPU
		{C7EF18BF-DA82-41FE-9F4D-CB7F12A62AF8}.Release|ARM.ActiveCfg = Release|Any CPU
		{C7EF18BF-DA82-41FE-9F4D-CB7F12A62AF8}.Release|ARM.Build.0 = Release|Any CPU
		{C7EF18BF-DA82-41FE-9F4D-CB7F12A62AF8}.Release|Mixed Platforms.ActiveCfg = Release|Any CPU
		{C7EF18BF-DA82-41FE-9F4D-CB7F12A62AF8}.Release|Mixed Platforms.Build.0 = Release|Any CPU
		{C7EF18BF-DA82-41FE-9F4D-CB7F12A62AF8}.Release|x86.ActiveCfg = Release|Any CPU
		{C7EF18BF-DA82-41FE-9F4D-CB7F12A62AF8}.Release|x86.Build.0 = Release|Any CPU
		{B0D533F4-F147-4493-8545-A7CD0BB990D8}.Debug|Any CPU.ActiveCfg = Debug|Any CPU
		{B0D533F4-F147-4493-8545-A7CD0BB990D8}.Debug|Any CPU.Build.0 = Debug|Any CPU
		{B0D533F4-F147-4493-8545-A7CD0BB990D8}.Debug|ARM.ActiveCfg = Debug|Any CPU
		{B0D533F4-F147-4493-8545-A7CD0BB990D8}.Debug|ARM.Build.0 = Debug|Any CPU
		{B0D533F4-F147-4493-8545-A7CD0BB990D8}.Debug|Mixed Platforms.ActiveCfg = Debug|Any CPU
		{B0D533F4-F147-4493-8545-A7CD0BB990D8}.Debug|Mixed Platforms.Build.0 = Debug|Any CPU
		{B0D533F4-F147-4493-8545-A7CD0BB990D8}.Debug|x86.ActiveCfg = Debug|Any CPU
		{B0D533F4-F147-4493-8545-A7CD0BB990D8}.Debug|x86.Build.0 = Debug|Any CPU
		{B0D533F4-F147-4493-8545-A7CD0BB990D8}.Obfuscate|Any CPU.ActiveCfg = Release|Any CPU
		{B0D533F4-F147-4493-8545-A7CD0BB990D8}.Obfuscate|Any CPU.Build.0 = Release|Any CPU
		{B0D533F4-F147-4493-8545-A7CD0BB990D8}.Obfuscate|ARM.ActiveCfg = Release|Any CPU
		{B0D533F4-F147-4493-8545-A7CD0BB990D8}.Obfuscate|ARM.Build.0 = Release|Any CPU
		{B0D533F4-F147-4493-8545-A7CD0BB990D8}.Obfuscate|Mixed Platforms.ActiveCfg = Release|Any CPU
		{B0D533F4-F147-4493-8545-A7CD0BB990D8}.Obfuscate|Mixed Platforms.Build.0 = Release|Any CPU
		{B0D533F4-F147-4493-8545-A7CD0BB990D8}.Obfuscate|x86.ActiveCfg = Release|Any CPU
		{B0D533F4-F147-4493-8545-A7CD0BB990D8}.Obfuscate|x86.Build.0 = Release|Any CPU
		{B0D533F4-F147-4493-8545-A7CD0BB990D8}.Release|Any CPU.ActiveCfg = Release|Any CPU
		{B0D533F4-F147-4493-8545-A7CD0BB990D8}.Release|Any CPU.Build.0 = Release|Any CPU
		{B0D533F4-F147-4493-8545-A7CD0BB990D8}.Release|ARM.ActiveCfg = Release|Any CPU
		{B0D533F4-F147-4493-8545-A7CD0BB990D8}.Release|ARM.Build.0 = Release|Any CPU
		{B0D533F4-F147-4493-8545-A7CD0BB990D8}.Release|Mixed Platforms.ActiveCfg = Release|Any CPU
		{B0D533F4-F147-4493-8545-A7CD0BB990D8}.Release|Mixed Platforms.Build.0 = Release|Any CPU
		{B0D533F4-F147-4493-8545-A7CD0BB990D8}.Release|x86.ActiveCfg = Release|Any CPU
		{B0D533F4-F147-4493-8545-A7CD0BB990D8}.Release|x86.Build.0 = Release|Any CPU
		{D4C1A8A6-0150-49D9-9EC6-E1561366FE47}.Debug|Any CPU.ActiveCfg = Debug|Any CPU
		{D4C1A8A6-0150-49D9-9EC6-E1561366FE47}.Debug|Any CPU.Build.0 = Debug|Any CPU
		{D4C1A8A6-0150-49D9-9EC6-E1561366FE47}.Debug|ARM.ActiveCfg = Debug|Any CPU
		{D4C1A8A6-0150-49D9-9EC6-E1561366FE47}.Debug|ARM.Build.0 = Debug|Any CPU
		{D4C1A8A6-0150-49D9-9EC6-E1561366FE47}.Debug|Mixed Platforms.ActiveCfg = Debug|Any CPU
		{D4C1A8A6-0150-49D9-9EC6-E1561366FE47}.Debug|Mixed Platforms.Build.0 = Debug|Any CPU
		{D4C1A8A6-0150-49D9-9EC6-E1561366FE47}.Debug|x86.ActiveCfg = Debug|Any CPU
		{D4C1A8A6-0150-49D9-9EC6-E1561366FE47}.Debug|x86.Build.0 = Debug|Any CPU
		{D4C1A8A6-0150-49D9-9EC6-E1561366FE47}.Obfuscate|Any CPU.ActiveCfg = Release|Any CPU
		{D4C1A8A6-0150-49D9-9EC6-E1561366FE47}.Obfuscate|Any CPU.Build.0 = Release|Any CPU
		{D4C1A8A6-0150-49D9-9EC6-E1561366FE47}.Obfuscate|ARM.ActiveCfg = Release|Any CPU
		{D4C1A8A6-0150-49D9-9EC6-E1561366FE47}.Obfuscate|ARM.Build.0 = Release|Any CPU
		{D4C1A8A6-0150-49D9-9EC6-E1561366FE47}.Obfuscate|Mixed Platforms.ActiveCfg = Release|Any CPU
		{D4C1A8A6-0150-49D9-9EC6-E1561366FE47}.Obfuscate|Mixed Platforms.Build.0 = Release|Any CPU
		{D4C1A8A6-0150-49D9-9EC6-E1561366FE47}.Obfuscate|x86.ActiveCfg = Release|Any CPU
		{D4C1A8A6-0150-49D9-9EC6-E1561366FE47}.Obfuscate|x86.Build.0 = Release|Any CPU
		{D4C1A8A6-0150-49D9-9EC6-E1561366FE47}.Release|Any CPU.ActiveCfg = Release|Any CPU
		{D4C1A8A6-0150-49D9-9EC6-E1561366FE47}.Release|Any CPU.Build.0 = Release|Any CPU
		{D4C1A8A6-0150-49D9-9EC6-E1561366FE47}.Release|ARM.ActiveCfg = Release|Any CPU
		{D4C1A8A6-0150-49D9-9EC6-E1561366FE47}.Release|ARM.Build.0 = Release|Any CPU
		{D4C1A8A6-0150-49D9-9EC6-E1561366FE47}.Release|Mixed Platforms.ActiveCfg = Release|Any CPU
		{D4C1A8A6-0150-49D9-9EC6-E1561366FE47}.Release|Mixed Platforms.Build.0 = Release|Any CPU
		{D4C1A8A6-0150-49D9-9EC6-E1561366FE47}.Release|x86.ActiveCfg = Release|Any CPU
		{D4C1A8A6-0150-49D9-9EC6-E1561366FE47}.Release|x86.Build.0 = Release|Any CPU
		{5FB880CE-5223-4C50-AC5A-885011C5728E}.Debug|Any CPU.ActiveCfg = Debug|Any CPU
		{5FB880CE-5223-4C50-AC5A-885011C5728E}.Debug|Any CPU.Build.0 = Debug|Any CPU
		{5FB880CE-5223-4C50-AC5A-885011C5728E}.Debug|ARM.ActiveCfg = Debug|Any CPU
		{5FB880CE-5223-4C50-AC5A-885011C5728E}.Debug|ARM.Build.0 = Debug|Any CPU
		{5FB880CE-5223-4C50-AC5A-885011C5728E}.Debug|Mixed Platforms.ActiveCfg = Debug|Any CPU
		{5FB880CE-5223-4C50-AC5A-885011C5728E}.Debug|Mixed Platforms.Build.0 = Debug|Any CPU
		{5FB880CE-5223-4C50-AC5A-885011C5728E}.Debug|x86.ActiveCfg = Debug|Any CPU
		{5FB880CE-5223-4C50-AC5A-885011C5728E}.Debug|x86.Build.0 = Debug|Any CPU
		{5FB880CE-5223-4C50-AC5A-885011C5728E}.Obfuscate|Any CPU.ActiveCfg = Release|Any CPU
		{5FB880CE-5223-4C50-AC5A-885011C5728E}.Obfuscate|Any CPU.Build.0 = Release|Any CPU
		{5FB880CE-5223-4C50-AC5A-885011C5728E}.Obfuscate|ARM.ActiveCfg = Release|Any CPU
		{5FB880CE-5223-4C50-AC5A-885011C5728E}.Obfuscate|ARM.Build.0 = Release|Any CPU
		{5FB880CE-5223-4C50-AC5A-885011C5728E}.Obfuscate|Mixed Platforms.ActiveCfg = Release|Any CPU
		{5FB880CE-5223-4C50-AC5A-885011C5728E}.Obfuscate|Mixed Platforms.Build.0 = Release|Any CPU
		{5FB880CE-5223-4C50-AC5A-885011C5728E}.Obfuscate|x86.ActiveCfg = Release|Any CPU
		{5FB880CE-5223-4C50-AC5A-885011C5728E}.Obfuscate|x86.Build.0 = Release|Any CPU
		{5FB880CE-5223-4C50-AC5A-885011C5728E}.Release|Any CPU.ActiveCfg = Release|Any CPU
		{5FB880CE-5223-4C50-AC5A-885011C5728E}.Release|Any CPU.Build.0 = Release|Any CPU
		{5FB880CE-5223-4C50-AC5A-885011C5728E}.Release|ARM.ActiveCfg = Release|Any CPU
		{5FB880CE-5223-4C50-AC5A-885011C5728E}.Release|ARM.Build.0 = Release|Any CPU
		{5FB880CE-5223-4C50-AC5A-885011C5728E}.Release|Mixed Platforms.ActiveCfg = Release|Any CPU
		{5FB880CE-5223-4C50-AC5A-885011C5728E}.Release|Mixed Platforms.Build.0 = Release|Any CPU
		{5FB880CE-5223-4C50-AC5A-885011C5728E}.Release|x86.ActiveCfg = Release|Any CPU
		{5FB880CE-5223-4C50-AC5A-885011C5728E}.Release|x86.Build.0 = Release|Any CPU
		{1C187104-D46C-494F-B6BB-8B9563FFBE1D}.Debug|Any CPU.ActiveCfg = Debug|Any CPU
		{1C187104-D46C-494F-B6BB-8B9563FFBE1D}.Debug|Any CPU.Build.0 = Debug|Any CPU
		{1C187104-D46C-494F-B6BB-8B9563FFBE1D}.Debug|ARM.ActiveCfg = Debug|Any CPU
		{1C187104-D46C-494F-B6BB-8B9563FFBE1D}.Debug|ARM.Build.0 = Debug|Any CPU
		{1C187104-D46C-494F-B6BB-8B9563FFBE1D}.Debug|Mixed Platforms.ActiveCfg = Debug|Any CPU
		{1C187104-D46C-494F-B6BB-8B9563FFBE1D}.Debug|Mixed Platforms.Build.0 = Debug|Any CPU
		{1C187104-D46C-494F-B6BB-8B9563FFBE1D}.Debug|x86.ActiveCfg = Debug|Any CPU
		{1C187104-D46C-494F-B6BB-8B9563FFBE1D}.Debug|x86.Build.0 = Debug|Any CPU
		{1C187104-D46C-494F-B6BB-8B9563FFBE1D}.Obfuscate|Any CPU.ActiveCfg = Release|Any CPU
		{1C187104-D46C-494F-B6BB-8B9563FFBE1D}.Obfuscate|Any CPU.Build.0 = Release|Any CPU
		{1C187104-D46C-494F-B6BB-8B9563FFBE1D}.Obfuscate|ARM.ActiveCfg = Release|Any CPU
		{1C187104-D46C-494F-B6BB-8B9563FFBE1D}.Obfuscate|ARM.Build.0 = Release|Any CPU
		{1C187104-D46C-494F-B6BB-8B9563FFBE1D}.Obfuscate|Mixed Platforms.ActiveCfg = Release|Any CPU
		{1C187104-D46C-494F-B6BB-8B9563FFBE1D}.Obfuscate|Mixed Platforms.Build.0 = Release|Any CPU
		{1C187104-D46C-494F-B6BB-8B9563FFBE1D}.Obfuscate|x86.ActiveCfg = Release|Any CPU
		{1C187104-D46C-494F-B6BB-8B9563FFBE1D}.Obfuscate|x86.Build.0 = Release|Any CPU
		{1C187104-D46C-494F-B6BB-8B9563FFBE1D}.Release|Any CPU.ActiveCfg = Release|Any CPU
		{1C187104-D46C-494F-B6BB-8B9563FFBE1D}.Release|Any CPU.Build.0 = Release|Any CPU
		{1C187104-D46C-494F-B6BB-8B9563FFBE1D}.Release|ARM.ActiveCfg = Release|Any CPU
		{1C187104-D46C-494F-B6BB-8B9563FFBE1D}.Release|ARM.Build.0 = Release|Any CPU
		{1C187104-D46C-494F-B6BB-8B9563FFBE1D}.Release|Mixed Platforms.ActiveCfg = Release|Any CPU
		{1C187104-D46C-494F-B6BB-8B9563FFBE1D}.Release|Mixed Platforms.Build.0 = Release|Any CPU
		{1C187104-D46C-494F-B6BB-8B9563FFBE1D}.Release|x86.ActiveCfg = Release|Any CPU
		{1C187104-D46C-494F-B6BB-8B9563FFBE1D}.Release|x86.Build.0 = Release|Any CPU
		{04DB4227-3A47-4BEB-9816-FB6011582C72}.Debug|Any CPU.ActiveCfg = Debug|Any CPU
		{04DB4227-3A47-4BEB-9816-FB6011582C72}.Debug|Any CPU.Build.0 = Debug|Any CPU
		{04DB4227-3A47-4BEB-9816-FB6011582C72}.Debug|ARM.ActiveCfg = Debug|Any CPU
		{04DB4227-3A47-4BEB-9816-FB6011582C72}.Debug|ARM.Build.0 = Debug|Any CPU
		{04DB4227-3A47-4BEB-9816-FB6011582C72}.Debug|Mixed Platforms.ActiveCfg = Debug|Any CPU
		{04DB4227-3A47-4BEB-9816-FB6011582C72}.Debug|Mixed Platforms.Build.0 = Debug|Any CPU
		{04DB4227-3A47-4BEB-9816-FB6011582C72}.Debug|x86.ActiveCfg = Debug|Any CPU
		{04DB4227-3A47-4BEB-9816-FB6011582C72}.Debug|x86.Build.0 = Debug|Any CPU
		{04DB4227-3A47-4BEB-9816-FB6011582C72}.Obfuscate|Any CPU.ActiveCfg = Release|Any CPU
		{04DB4227-3A47-4BEB-9816-FB6011582C72}.Obfuscate|Any CPU.Build.0 = Release|Any CPU
		{04DB4227-3A47-4BEB-9816-FB6011582C72}.Obfuscate|ARM.ActiveCfg = Release|Any CPU
		{04DB4227-3A47-4BEB-9816-FB6011582C72}.Obfuscate|ARM.Build.0 = Release|Any CPU
		{04DB4227-3A47-4BEB-9816-FB6011582C72}.Obfuscate|Mixed Platforms.ActiveCfg = Release|Any CPU
		{04DB4227-3A47-4BEB-9816-FB6011582C72}.Obfuscate|Mixed Platforms.Build.0 = Release|Any CPU
		{04DB4227-3A47-4BEB-9816-FB6011582C72}.Obfuscate|x86.ActiveCfg = Release|Any CPU
		{04DB4227-3A47-4BEB-9816-FB6011582C72}.Obfuscate|x86.Build.0 = Release|Any CPU
		{04DB4227-3A47-4BEB-9816-FB6011582C72}.Release|Any CPU.ActiveCfg = Release|Any CPU
		{04DB4227-3A47-4BEB-9816-FB6011582C72}.Release|Any CPU.Build.0 = Release|Any CPU
		{04DB4227-3A47-4BEB-9816-FB6011582C72}.Release|ARM.ActiveCfg = Release|Any CPU
		{04DB4227-3A47-4BEB-9816-FB6011582C72}.Release|ARM.Build.0 = Release|Any CPU
		{04DB4227-3A47-4BEB-9816-FB6011582C72}.Release|Mixed Platforms.ActiveCfg = Release|Any CPU
		{04DB4227-3A47-4BEB-9816-FB6011582C72}.Release|Mixed Platforms.Build.0 = Release|Any CPU
		{04DB4227-3A47-4BEB-9816-FB6011582C72}.Release|x86.ActiveCfg = Release|Any CPU
		{04DB4227-3A47-4BEB-9816-FB6011582C72}.Release|x86.Build.0 = Release|Any CPU
		{DEE8BF0C-1D70-411C-92C9-568B7B571336}.Debug|Any CPU.ActiveCfg = Debug|Any CPU
		{DEE8BF0C-1D70-411C-92C9-568B7B571336}.Debug|Any CPU.Build.0 = Debug|Any CPU
		{DEE8BF0C-1D70-411C-92C9-568B7B571336}.Debug|ARM.ActiveCfg = Debug|Any CPU
		{DEE8BF0C-1D70-411C-92C9-568B7B571336}.Debug|ARM.Build.0 = Debug|Any CPU
		{DEE8BF0C-1D70-411C-92C9-568B7B571336}.Debug|Mixed Platforms.ActiveCfg = Debug|Any CPU
		{DEE8BF0C-1D70-411C-92C9-568B7B571336}.Debug|Mixed Platforms.Build.0 = Debug|Any CPU
		{DEE8BF0C-1D70-411C-92C9-568B7B571336}.Debug|x86.ActiveCfg = Debug|Any CPU
		{DEE8BF0C-1D70-411C-92C9-568B7B571336}.Debug|x86.Build.0 = Debug|Any CPU
		{DEE8BF0C-1D70-411C-92C9-568B7B571336}.Obfuscate|Any CPU.ActiveCfg = Release|Any CPU
		{DEE8BF0C-1D70-411C-92C9-568B7B571336}.Obfuscate|Any CPU.Build.0 = Release|Any CPU
		{DEE8BF0C-1D70-411C-92C9-568B7B571336}.Obfuscate|ARM.ActiveCfg = Release|Any CPU
		{DEE8BF0C-1D70-411C-92C9-568B7B571336}.Obfuscate|ARM.Build.0 = Release|Any CPU
		{DEE8BF0C-1D70-411C-92C9-568B7B571336}.Obfuscate|Mixed Platforms.ActiveCfg = Release|Any CPU
		{DEE8BF0C-1D70-411C-92C9-568B7B571336}.Obfuscate|Mixed Platforms.Build.0 = Release|Any CPU
		{DEE8BF0C-1D70-411C-92C9-568B7B571336}.Obfuscate|x86.ActiveCfg = Release|Any CPU
		{DEE8BF0C-1D70-411C-92C9-568B7B571336}.Obfuscate|x86.Build.0 = Release|Any CPU
		{DEE8BF0C-1D70-411C-92C9-568B7B571336}.Release|Any CPU.ActiveCfg = Release|Any CPU
		{DEE8BF0C-1D70-411C-92C9-568B7B571336}.Release|Any CPU.Build.0 = Release|Any CPU
		{DEE8BF0C-1D70-411C-92C9-568B7B571336}.Release|ARM.ActiveCfg = Release|Any CPU
		{DEE8BF0C-1D70-411C-92C9-568B7B571336}.Release|ARM.Build.0 = Release|Any CPU
		{DEE8BF0C-1D70-411C-92C9-568B7B571336}.Release|Mixed Platforms.ActiveCfg = Release|Any CPU
		{DEE8BF0C-1D70-411C-92C9-568B7B571336}.Release|Mixed Platforms.Build.0 = Release|Any CPU
		{DEE8BF0C-1D70-411C-92C9-568B7B571336}.Release|x86.ActiveCfg = Release|Any CPU
		{DEE8BF0C-1D70-411C-92C9-568B7B571336}.Release|x86.Build.0 = Release|Any CPU
		{70E6DF49-EA9D-4F16-8875-A4834CD644F3}.Debug|Any CPU.ActiveCfg = Debug|Any CPU
		{70E6DF49-EA9D-4F16-8875-A4834CD644F3}.Debug|Any CPU.Build.0 = Debug|Any CPU
		{70E6DF49-EA9D-4F16-8875-A4834CD644F3}.Debug|ARM.ActiveCfg = Debug|Any CPU
		{70E6DF49-EA9D-4F16-8875-A4834CD644F3}.Debug|ARM.Build.0 = Debug|Any CPU
		{70E6DF49-EA9D-4F16-8875-A4834CD644F3}.Debug|Mixed Platforms.ActiveCfg = Debug|Any CPU
		{70E6DF49-EA9D-4F16-8875-A4834CD644F3}.Debug|Mixed Platforms.Build.0 = Debug|Any CPU
		{70E6DF49-EA9D-4F16-8875-A4834CD644F3}.Debug|x86.ActiveCfg = Debug|Any CPU
		{70E6DF49-EA9D-4F16-8875-A4834CD644F3}.Debug|x86.Build.0 = Debug|Any CPU
		{70E6DF49-EA9D-4F16-8875-A4834CD644F3}.Obfuscate|Any CPU.ActiveCfg = Release|Any CPU
		{70E6DF49-EA9D-4F16-8875-A4834CD644F3}.Obfuscate|Any CPU.Build.0 = Release|Any CPU
		{70E6DF49-EA9D-4F16-8875-A4834CD644F3}.Obfuscate|ARM.ActiveCfg = Release|Any CPU
		{70E6DF49-EA9D-4F16-8875-A4834CD644F3}.Obfuscate|ARM.Build.0 = Release|Any CPU
		{70E6DF49-EA9D-4F16-8875-A4834CD644F3}.Obfuscate|Mixed Platforms.ActiveCfg = Release|Any CPU
		{70E6DF49-EA9D-4F16-8875-A4834CD644F3}.Obfuscate|Mixed Platforms.Build.0 = Release|Any CPU
		{70E6DF49-EA9D-4F16-8875-A4834CD644F3}.Obfuscate|x86.ActiveCfg = Release|Any CPU
		{70E6DF49-EA9D-4F16-8875-A4834CD644F3}.Obfuscate|x86.Build.0 = Release|Any CPU
		{70E6DF49-EA9D-4F16-8875-A4834CD644F3}.Release|Any CPU.ActiveCfg = Release|Any CPU
		{70E6DF49-EA9D-4F16-8875-A4834CD644F3}.Release|Any CPU.Build.0 = Release|Any CPU
		{70E6DF49-EA9D-4F16-8875-A4834CD644F3}.Release|ARM.ActiveCfg = Release|Any CPU
		{70E6DF49-EA9D-4F16-8875-A4834CD644F3}.Release|ARM.Build.0 = Release|Any CPU
		{70E6DF49-EA9D-4F16-8875-A4834CD644F3}.Release|Mixed Platforms.ActiveCfg = Release|Any CPU
		{70E6DF49-EA9D-4F16-8875-A4834CD644F3}.Release|Mixed Platforms.Build.0 = Release|Any CPU
		{70E6DF49-EA9D-4F16-8875-A4834CD644F3}.Release|x86.ActiveCfg = Release|Any CPU
		{70E6DF49-EA9D-4F16-8875-A4834CD644F3}.Release|x86.Build.0 = Release|Any CPU
		{6CCC826E-640B-457A-BAFF-66909C62474F}.Debug|Any CPU.ActiveCfg = Debug|Any CPU
		{6CCC826E-640B-457A-BAFF-66909C62474F}.Debug|Any CPU.Build.0 = Debug|Any CPU
		{6CCC826E-640B-457A-BAFF-66909C62474F}.Debug|ARM.ActiveCfg = Debug|Any CPU
		{6CCC826E-640B-457A-BAFF-66909C62474F}.Debug|ARM.Build.0 = Debug|Any CPU
		{6CCC826E-640B-457A-BAFF-66909C62474F}.Debug|Mixed Platforms.ActiveCfg = Debug|Any CPU
		{6CCC826E-640B-457A-BAFF-66909C62474F}.Debug|Mixed Platforms.Build.0 = Debug|Any CPU
		{6CCC826E-640B-457A-BAFF-66909C62474F}.Debug|x86.ActiveCfg = Debug|Any CPU
		{6CCC826E-640B-457A-BAFF-66909C62474F}.Debug|x86.Build.0 = Debug|Any CPU
		{6CCC826E-640B-457A-BAFF-66909C62474F}.Obfuscate|Any CPU.ActiveCfg = Release|Any CPU
		{6CCC826E-640B-457A-BAFF-66909C62474F}.Obfuscate|Any CPU.Build.0 = Release|Any CPU
		{6CCC826E-640B-457A-BAFF-66909C62474F}.Obfuscate|ARM.ActiveCfg = Release|Any CPU
		{6CCC826E-640B-457A-BAFF-66909C62474F}.Obfuscate|ARM.Build.0 = Release|Any CPU
		{6CCC826E-640B-457A-BAFF-66909C62474F}.Obfuscate|Mixed Platforms.ActiveCfg = Release|Any CPU
		{6CCC826E-640B-457A-BAFF-66909C62474F}.Obfuscate|Mixed Platforms.Build.0 = Release|Any CPU
		{6CCC826E-640B-457A-BAFF-66909C62474F}.Obfuscate|x86.ActiveCfg = Release|Any CPU
		{6CCC826E-640B-457A-BAFF-66909C62474F}.Obfuscate|x86.Build.0 = Release|Any CPU
		{6CCC826E-640B-457A-BAFF-66909C62474F}.Release|Any CPU.ActiveCfg = Release|Any CPU
		{6CCC826E-640B-457A-BAFF-66909C62474F}.Release|Any CPU.Build.0 = Release|Any CPU
		{6CCC826E-640B-457A-BAFF-66909C62474F}.Release|ARM.ActiveCfg = Release|Any CPU
		{6CCC826E-640B-457A-BAFF-66909C62474F}.Release|ARM.Build.0 = Release|Any CPU
		{6CCC826E-640B-457A-BAFF-66909C62474F}.Release|Mixed Platforms.ActiveCfg = Release|Any CPU
		{6CCC826E-640B-457A-BAFF-66909C62474F}.Release|Mixed Platforms.Build.0 = Release|Any CPU
		{6CCC826E-640B-457A-BAFF-66909C62474F}.Release|x86.ActiveCfg = Release|Any CPU
		{6CCC826E-640B-457A-BAFF-66909C62474F}.Release|x86.Build.0 = Release|Any CPU
		{49F7FC58-9563-4FD0-A5C8-DE6F63543A8D}.Debug|Any CPU.ActiveCfg = Debug|Any CPU
		{49F7FC58-9563-4FD0-A5C8-DE6F63543A8D}.Debug|Any CPU.Build.0 = Debug|Any CPU
		{49F7FC58-9563-4FD0-A5C8-DE6F63543A8D}.Debug|ARM.ActiveCfg = Debug|Any CPU
		{49F7FC58-9563-4FD0-A5C8-DE6F63543A8D}.Debug|ARM.Build.0 = Debug|Any CPU
		{49F7FC58-9563-4FD0-A5C8-DE6F63543A8D}.Debug|Mixed Platforms.ActiveCfg = Debug|Any CPU
		{49F7FC58-9563-4FD0-A5C8-DE6F63543A8D}.Debug|Mixed Platforms.Build.0 = Debug|Any CPU
		{49F7FC58-9563-4FD0-A5C8-DE6F63543A8D}.Debug|x86.ActiveCfg = Debug|Any CPU
		{49F7FC58-9563-4FD0-A5C8-DE6F63543A8D}.Debug|x86.Build.0 = Debug|Any CPU
		{49F7FC58-9563-4FD0-A5C8-DE6F63543A8D}.Obfuscate|Any CPU.ActiveCfg = Release|Any CPU
		{49F7FC58-9563-4FD0-A5C8-DE6F63543A8D}.Obfuscate|Any CPU.Build.0 = Release|Any CPU
		{49F7FC58-9563-4FD0-A5C8-DE6F63543A8D}.Obfuscate|ARM.ActiveCfg = Release|Any CPU
		{49F7FC58-9563-4FD0-A5C8-DE6F63543A8D}.Obfuscate|ARM.Build.0 = Release|Any CPU
		{49F7FC58-9563-4FD0-A5C8-DE6F63543A8D}.Obfuscate|Mixed Platforms.ActiveCfg = Release|Any CPU
		{49F7FC58-9563-4FD0-A5C8-DE6F63543A8D}.Obfuscate|Mixed Platforms.Build.0 = Release|Any CPU
		{49F7FC58-9563-4FD0-A5C8-DE6F63543A8D}.Obfuscate|x86.ActiveCfg = Release|Any CPU
		{49F7FC58-9563-4FD0-A5C8-DE6F63543A8D}.Obfuscate|x86.Build.0 = Release|Any CPU
		{49F7FC58-9563-4FD0-A5C8-DE6F63543A8D}.Release|Any CPU.ActiveCfg = Release|Any CPU
		{49F7FC58-9563-4FD0-A5C8-DE6F63543A8D}.Release|Any CPU.Build.0 = Release|Any CPU
		{49F7FC58-9563-4FD0-A5C8-DE6F63543A8D}.Release|ARM.ActiveCfg = Release|Any CPU
		{49F7FC58-9563-4FD0-A5C8-DE6F63543A8D}.Release|ARM.Build.0 = Release|Any CPU
		{49F7FC58-9563-4FD0-A5C8-DE6F63543A8D}.Release|Mixed Platforms.ActiveCfg = Release|Any CPU
		{49F7FC58-9563-4FD0-A5C8-DE6F63543A8D}.Release|Mixed Platforms.Build.0 = Release|Any CPU
		{49F7FC58-9563-4FD0-A5C8-DE6F63543A8D}.Release|x86.ActiveCfg = Release|Any CPU
		{49F7FC58-9563-4FD0-A5C8-DE6F63543A8D}.Release|x86.Build.0 = Release|Any CPU
		{39E83AB8-255F-4D84-93EF-A111E61B8340}.Debug|Any CPU.ActiveCfg = Debug|Any CPU
		{39E83AB8-255F-4D84-93EF-A111E61B8340}.Debug|Any CPU.Build.0 = Debug|Any CPU
		{39E83AB8-255F-4D84-93EF-A111E61B8340}.Debug|ARM.ActiveCfg = Debug|Any CPU
		{39E83AB8-255F-4D84-93EF-A111E61B8340}.Debug|ARM.Build.0 = Debug|Any CPU
		{39E83AB8-255F-4D84-93EF-A111E61B8340}.Debug|Mixed Platforms.ActiveCfg = Debug|Any CPU
		{39E83AB8-255F-4D84-93EF-A111E61B8340}.Debug|Mixed Platforms.Build.0 = Debug|Any CPU
		{39E83AB8-255F-4D84-93EF-A111E61B8340}.Debug|x86.ActiveCfg = Debug|Any CPU
		{39E83AB8-255F-4D84-93EF-A111E61B8340}.Debug|x86.Build.0 = Debug|Any CPU
		{39E83AB8-255F-4D84-93EF-A111E61B8340}.Obfuscate|Any CPU.ActiveCfg = Debug|Any CPU
		{39E83AB8-255F-4D84-93EF-A111E61B8340}.Obfuscate|Any CPU.Build.0 = Debug|Any CPU
		{39E83AB8-255F-4D84-93EF-A111E61B8340}.Obfuscate|ARM.ActiveCfg = Debug|Any CPU
		{39E83AB8-255F-4D84-93EF-A111E61B8340}.Obfuscate|ARM.Build.0 = Debug|Any CPU
		{39E83AB8-255F-4D84-93EF-A111E61B8340}.Obfuscate|Mixed Platforms.ActiveCfg = Debug|Any CPU
		{39E83AB8-255F-4D84-93EF-A111E61B8340}.Obfuscate|Mixed Platforms.Build.0 = Debug|Any CPU
		{39E83AB8-255F-4D84-93EF-A111E61B8340}.Obfuscate|x86.ActiveCfg = Debug|Any CPU
		{39E83AB8-255F-4D84-93EF-A111E61B8340}.Obfuscate|x86.Build.0 = Debug|Any CPU
		{39E83AB8-255F-4D84-93EF-A111E61B8340}.Release|Any CPU.ActiveCfg = Release|Any CPU
		{39E83AB8-255F-4D84-93EF-A111E61B8340}.Release|Any CPU.Build.0 = Release|Any CPU
		{39E83AB8-255F-4D84-93EF-A111E61B8340}.Release|ARM.ActiveCfg = Release|Any CPU
		{39E83AB8-255F-4D84-93EF-A111E61B8340}.Release|ARM.Build.0 = Release|Any CPU
		{39E83AB8-255F-4D84-93EF-A111E61B8340}.Release|Mixed Platforms.ActiveCfg = Release|Any CPU
		{39E83AB8-255F-4D84-93EF-A111E61B8340}.Release|Mixed Platforms.Build.0 = Release|Any CPU
		{39E83AB8-255F-4D84-93EF-A111E61B8340}.Release|x86.ActiveCfg = Release|Any CPU
		{39E83AB8-255F-4D84-93EF-A111E61B8340}.Release|x86.Build.0 = Release|Any CPU
	EndGlobalSection
	GlobalSection(SolutionProperties) = preSolution
		HideSolutionNode = FALSE
	EndGlobalSection
	GlobalSection(NestedProjects) = preSolution
		{ACABE9A8-825E-46A4-8A52-EC44DA8357F7} = {FE58FA56-27DE-4413-A6A6-56B0BA82F36B}
		{FFA210B6-B65E-4CB3-9A43-E546F132E78A} = {FE58FA56-27DE-4413-A6A6-56B0BA82F36B}
		{3F8C0B87-F3D4-4B3D-B327-1376F9164B3C} = {9C1F6770-F7D0-4507-8EC6-A93DA8A6AB35}
		{CFF06607-17A4-4351-9566-B54569C5BFFE} = {20093622-107E-4B37-8763-714F6A3B5E89}
		{B4035297-224C-404C-925D-0807F7D5EC25} = {20093622-107E-4B37-8763-714F6A3B5E89}
		{0EA15C58-9F7A-4FDA-9AD5-38F3C8C42A00} = {20093622-107E-4B37-8763-714F6A3B5E89}
		{6D1A61E4-7B66-4806-83EB-A60FB464CA0D} = {20093622-107E-4B37-8763-714F6A3B5E89}
		{11648974-1332-4970-A870-D4F5D477E09E} = {20093622-107E-4B37-8763-714F6A3B5E89}
		{E7879D50-16DD-4930-B64A-E07A8C791CBA} = {20093622-107E-4B37-8763-714F6A3B5E89}
		{68AB6F55-EDDA-48D0-A0E8-16EAB83D0703} = {17DC8D3E-FAB9-4D50-8212-DCE5DD758CBB}
		{9A8288D1-A0D0-4823-AB4C-46F6FEBB833E} = {17DC8D3E-FAB9-4D50-8212-DCE5DD758CBB}
		{2B385878-F208-4181-B275-9E86230FB730} = {B5C0F26E-F55B-4F41-AFA2-92B1F2798A3A}
		{C7EF18BF-DA82-41FE-9F4D-CB7F12A62AF8} = {20093622-107E-4B37-8763-714F6A3B5E89}
		{B0D533F4-F147-4493-8545-A7CD0BB990D8} = {20093622-107E-4B37-8763-714F6A3B5E89}
		{D4C1A8A6-0150-49D9-9EC6-E1561366FE47} = {FE58FA56-27DE-4413-A6A6-56B0BA82F36B}
		{5FB880CE-5223-4C50-AC5A-885011C5728E} = {20093622-107E-4B37-8763-714F6A3B5E89}
		{04DB4227-3A47-4BEB-9816-FB6011582C72} = {20093622-107E-4B37-8763-714F6A3B5E89}
		{DEE8BF0C-1D70-411C-92C9-568B7B571336} = {9C1F6770-F7D0-4507-8EC6-A93DA8A6AB35}
		{70E6DF49-EA9D-4F16-8875-A4834CD644F3} = {FE58FA56-27DE-4413-A6A6-56B0BA82F36B}
		{6CCC826E-640B-457A-BAFF-66909C62474F} = {20093622-107E-4B37-8763-714F6A3B5E89}
		{49F7FC58-9563-4FD0-A5C8-DE6F63543A8D} = {20093622-107E-4B37-8763-714F6A3B5E89}
		{39E83AB8-255F-4D84-93EF-A111E61B8340} = {9C1F6770-F7D0-4507-8EC6-A93DA8A6AB35}
	EndGlobalSection
	GlobalSection(ExtensibilityGlobals) = postSolution
		EnterpriseLibraryConfigurationToolBinariesPath = packages\Unity.2.1.505.0\lib\NET35;packages\Unity.Interception.2.1.505.0\lib\NET35;packages\EnterpriseLibrary.Common.5.0.505.0\lib\NET35;packages\EnterpriseLibrary.Data.5.0.505.0\lib\NET35;packages\EnterpriseLibrary.Security.Cryptography.5.0.505.0\lib\NET35
		EnterpriseLibraryConfigurationToolBinariesPathV6 = packages\EnterpriseLibrary.Common.6.0.1304.0\lib\NET45
		SolutionGuid = {FD5C3898-2CA2-490C-A91A-49EA081A2543}
	EndGlobalSection
EndGlobal
