
Microsoft Visual Studio Solution File, Format Version 12.00
# Visual Studio 2012
Project("{FAE04EC0-301F-11D3-BF4B-00C04F79EFBC}") = "Eminent.AppBuilder.LicenseGenerator", "Eminent.AppBuilder.LicenseGenerator\Eminent.AppBuilder.LicenseGenerator.csproj", "{43714FD7-5E85-4199-B028-DFA57A6A165A}"
EndProject
Project("{FAE04EC0-301F-11D3-BF4B-00C04F79EFBC}") = "Eminent.AppBuilder.EmailNotificationEngine", "EmailNotificationEngine\Eminent.AppBuilder.EmailNotificationEngine.csproj", "{607362B7-EFD2-49D4-AC3B-51D66448524F}"
EndProject
Project("{FAE04EC0-301F-11D3-BF4B-00C04F79EFBC}") = "CodeTorch.Designer", "Eminent.AppBuilder.Designer\CodeTorch.Designer.csproj", "{9A8288D1-A0D0-4823-AB4C-46F6FEBB833E}"
EndProject
Project("{FAE04EC0-301F-11D3-BF4B-00C04F79EFBC}") = "Eminent.CodeGenerator", "Eminent.CodeGenerator\Eminent.CodeGenerator.csproj", "{ACABE9A8-825E-46A4-8A52-EC44DA8357F7}"
EndProject
Project("{FAE04EC0-301F-11D3-BF4B-00C04F79EFBC}") = "Eminent.Job.Helper", "Eminent.Job.Helper\Eminent.Job.Helper.csproj", "{A7A9F816-2F82-4171-96EC-DA0A9303B4E9}"
EndProject
Project("{FAE04EC0-301F-11D3-BF4B-00C04F79EFBC}") = "Eminent.Job.SQLTask", "Eminent.Job.SQLTask\Eminent.Job.SQLTask.csproj", "{5A2EB5A3-FCCA-4141-88B1-00A572C89118}"
EndProject
Project("{FAE04EC0-301F-11D3-BF4B-00C04F79EFBC}") = "Eminent.AppBuilder.Tests", "Eminent.AppBuilder.Tests\Eminent.AppBuilder.Tests.csproj", "{3262A8CE-285F-4AAF-B3BE-569AB7CCA56A}"
EndProject
Project("{2150E333-8FDC-42A3-9474-1A3956D46DE8}") = "01 - Core", "01 - Core", "{FE58FA56-27DE-4413-A6A6-56B0BA82F36B}"
EndProject
Project("{2150E333-8FDC-42A3-9474-1A3956D46DE8}") = "10 - Tools", "10 - Tools", "{F6F86916-D8C2-4348-BD6A-AFB981B38CA1}"
EndProject
Project("{2150E333-8FDC-42A3-9474-1A3956D46DE8}") = "04 - Web", "04 - Web", "{9C1F6770-F7D0-4507-8EC6-A93DA8A6AB35}"
EndProject
Project("{2150E333-8FDC-42A3-9474-1A3956D46DE8}") = "03 - Designer", "03 - Designer", "{02586ACD-3568-427E-8728-C0A951FA584A}"
EndProject
Project("{2150E333-8FDC-42A3-9474-1A3956D46DE8}") = "11 - Utility", "11 - Utility", "{2673F1BE-217F-4CF0-A1F1-068CEEEBC40C}"
EndProject
Project("{FAE04EC0-301F-11D3-BF4B-00C04F79EFBC}") = "Eminent.AppBuilder.BuildTasks", "Eminent.AppBuilder.BuildTasks\Eminent.AppBuilder.BuildTasks.csproj", "{2B385878-F208-4181-B275-9E86230FB730}"
EndProject
Project("{FAE04EC0-301F-11D3-BF4B-00C04F79EFBC}") = "Eminent.AppBuilder.Jobs.QuickTellerTransfer", "Eminent.AppBuilder.Jobs.QuickTellerTransfer\Eminent.AppBuilder.Jobs.QuickTellerTransfer.csproj", "{54FACA0D-769A-48D1-8BF5-C864D2BCF26A}"
EndProject
Project("{2150E333-8FDC-42A3-9474-1A3956D46DE8}") = "Solution Items", "Solution Items", "{17D1BA42-C4C2-42AA-A548-7A4DE6675F7F}"
	ProjectSection(SolutionItems) = preProject
		version-prefix.txt = version-prefix.txt
		version-prefix.xml = version-prefix.xml
	EndProjectSection
EndProject
Project("{FAE04EC0-301F-11D3-BF4B-00C04F79EFBC}") = "CodeTorch.Data.SqlServer", "CodeTorch.Data.SqlServer\CodeTorch.Data.SqlServer.csproj", "{CFF06607-17A4-4351-9566-B54569C5BFFE}"
EndProject
Project("{2150E333-8FDC-42A3-9474-1A3956D46DE8}") = "02 - Implementations", "02 - Implementations", "{20093622-107E-4B37-8763-714F6A3B5E89}"
EndProject
Project("{FAE04EC0-301F-11D3-BF4B-00C04F79EFBC}") = "CodeTorch.Lookups", "CodeTorch.Lookups\CodeTorch.Lookups.csproj", "{6D1A61E4-7B66-4806-83EB-A60FB464CA0D}"
EndProject
Project("{FAE04EC0-301F-11D3-BF4B-00C04F79EFBC}") = "CodeTorch.Security", "CodeTorch.Security\CodeTorch.Security.csproj", "{11648974-1332-4970-A870-D4F5D477E09E}"
EndProject
Project("{FAE04EC0-301F-11D3-BF4B-00C04F79EFBC}") = "CodeTorch.Documents", "CodeTorch.Documents\CodeTorch.Documents.csproj", "{B4035297-224C-404C-925D-0807F7D5EC25}"
EndProject
Project("{FAE04EC0-301F-11D3-BF4B-00C04F79EFBC}") = "CodeTorch.Email", "CodeTorch.Email\CodeTorch.Email.csproj", "{0EA15C58-9F7A-4FDA-9AD5-38F3C8C42A00}"
EndProject
Project("{FAE04EC0-301F-11D3-BF4B-00C04F79EFBC}") = "CodeTorch.Core.Design", "CodeTorch.Core.Design\CodeTorch.Core.Design.csproj", "{68AB6F55-EDDA-48D0-A0E8-16EAB83D0703}"
EndProject
Project("{FAE04EC0-301F-11D3-BF4B-00C04F79EFBC}") = "CodeTorch.Core", "CodeTorch.Core\CodeTorch.Core.csproj", "{FFA210B6-B65E-4CB3-9A43-E546F132E78A}"
EndProject
Project("{FAE04EC0-301F-11D3-BF4B-00C04F79EFBC}") = "CodeTorch.Resources.Web", "CodeTorch.Resources.Web\CodeTorch.Resources.Web.csproj", "{C7EF18BF-DA82-41FE-9F4D-CB7F12A62AF8}"
EndProject
Project("{FAE04EC0-301F-11D3-BF4B-00C04F79EFBC}") = "CodeTorch.Workflows", "CodeTorch.Workflows\CodeTorch.Workflows.csproj", "{E7879D50-16DD-4930-B64A-E07A8C791CBA}"
EndProject
Project("{FAE04EC0-301F-11D3-BF4B-00C04F79EFBC}") = "CodeTorch.Web", "CodeTorch.Web\CodeTorch.Web.csproj", "{3F8C0B87-F3D4-4B3D-B327-1376F9164B3C}"
EndProject
Project("{2150E333-8FDC-42A3-9474-1A3956D46DE8}") = "05 - Mobile", "05 - Mobile", "{AF739436-3416-4FAF-B3A3-9A6FF1D395E8}"
EndProject
Project("{FAE04EC0-301F-11D3-BF4B-00C04F79EFBC}") = "CodeTorch.Mobile", "CodeTorch.Mobile\CodeTorch.Mobile.csproj", "{67F9D3A8-F71E-4428-913F-C37AE82CDB24}"
EndProject
Project("{FAE04EC0-301F-11D3-BF4B-00C04F79EFBC}") = "CodeTorch.Core.Mobile", "CodeTorch.Core.Mobile\CodeTorch.Core.Mobile.csproj", "{E8CD6630-632F-482D-9A0E-46BF26F83BE8}"
EndProject
Project("{2150E333-8FDC-42A3-9474-1A3956D46DE8}") = "07 - Mobile Implementations", "07 - Mobile Implementations", "{BEBEE307-3CCA-4E92-A683-3A8651672650}"
EndProject
Project("{FAE04EC0-301F-11D3-BF4B-00C04F79EFBC}") = "CodeTorch.Mobile.Data.Rest", "CodeTorch.Mobile.Data.Rest\CodeTorch.Mobile.Data.Rest.csproj", "{E387751A-5171-45CD-81E8-62311494F2CB}"
EndProject
Project("{2150E333-8FDC-42A3-9474-1A3956D46DE8}") = "Rest", "Rest", "{B42DF8C7-32E7-45AB-8526-568E1EC0D351}"
EndProject
Project("{FAE04EC0-301F-11D3-BF4B-00C04F79EFBC}") = "CodeTorch.Mobile.Data.Rest.Android", "CodeTorch.Mobile.Data.Rest.Android\CodeTorch.Mobile.Data.Rest.Android.csproj", "{DDB513FA-74CF-4E93-9F4A-3CE31A3250FC}"
EndProject
Project("{FAE04EC0-301F-11D3-BF4B-00C04F79EFBC}") = "CodeTorch.Mobile.Data.Rest.WinPhone", "CodeTorch.Mobile.Data.Rest.WinPhone\CodeTorch.Mobile.Data.Rest.WinPhone.csproj", "{6348A129-2122-4D1D-8E5B-0A4D73C0AE43}"
EndProject
Project("{2150E333-8FDC-42A3-9474-1A3956D46DE8}") = "Settings", "Settings", "{6D8AB11A-4014-4411-9C0D-62855FDF0F8F}"
EndProject
Project("{FAE04EC0-301F-11D3-BF4B-00C04F79EFBC}") = "CodeTorch.Mobile.Settings", "CodeTorch.Mobile.Settings\CodeTorch.Mobile.Settings.csproj", "{9EDB6177-AF9D-4489-AEB2-4CD37852D3BF}"
EndProject
Project("{FAE04EC0-301F-11D3-BF4B-00C04F79EFBC}") = "CodeTorch.Mobile.Settings.iOS", "CodeTorch.Mobile.Settings.iOS\CodeTorch.Mobile.Settings.iOS.csproj", "{70E0CB9A-802D-42D7-9A53-00C39A339858}"
EndProject
Project("{FAE04EC0-301F-11D3-BF4B-00C04F79EFBC}") = "CodeTorch.Mobile.Settings.Android", "CodeTorch.Mobile.Settings.Android\CodeTorch.Mobile.Settings.Android.csproj", "{FEF98FFC-3F25-452F-B8A5-886E69F15D36}"
EndProject
Project("{FAE04EC0-301F-11D3-BF4B-00C04F79EFBC}") = "CodeTorch.Mobile.Settings.WinPhone", "CodeTorch.Mobile.Settings.WinPhone\CodeTorch.Mobile.Settings.WinPhone.csproj", "{B4BE6A40-436F-415D-82BE-B5C23A2484F7}"
EndProject
Project("{FAE04EC0-301F-11D3-BF4B-00C04F79EFBC}") = "CodeTorch.Mobile.Data.Rest.iOS", "CodeTorch.Mobile.Data.Rest.iOS\CodeTorch.Mobile.Data.Rest.iOS.csproj", "{43C82B33-8F22-4C21-A2D9-9979946658F3}"
EndProject
Project("{2150E333-8FDC-42A3-9474-1A3956D46DE8}") = "Identity", "Identity", "{078D7959-4C9A-4A65-AF16-3356AA71E7E3}"
EndProject
Project("{FAE04EC0-301F-11D3-BF4B-00C04F79EFBC}") = "CodeTorch.Mobile.Security", "CodeTorch.Mobile.Security\CodeTorch.Mobile.Security.csproj", "{C54E0AB0-DE02-400A-9214-2586CA1633BD}"
EndProject
Project("{FAE04EC0-301F-11D3-BF4B-00C04F79EFBC}") = "CodeTorch.Mobile.Security.Android", "CodeTorch.Mobile.Security.Android\CodeTorch.Mobile.Security.Android.csproj", "{F768D77D-DBDD-42B7-BFBD-5A8DD6345154}"
EndProject
Project("{FAE04EC0-301F-11D3-BF4B-00C04F79EFBC}") = "CodeTorch.Mobile.Security.iOS", "CodeTorch.Mobile.Security.iOS\CodeTorch.Mobile.Security.iOS.csproj", "{B28273F4-AD83-4BCF-A390-16CC9F53F9BE}"
EndProject
Project("{FAE04EC0-301F-11D3-BF4B-00C04F79EFBC}") = "CodeTorch.Mobile.Security.WinPhone", "CodeTorch.Mobile.Security.WinPhone\CodeTorch.Mobile.Security.WinPhone.csproj", "{1FB074D6-39CD-456C-B0AA-8EDFD0A27D81}"
EndProject
Project("{FAE04EC0-301F-11D3-BF4B-00C04F79EFBC}") = "Eminent.AppBuilder.SMSNotificationEngine", "Eminent.AppBuilder.SMSNotificationEngine\Eminent.AppBuilder.SMSNotificationEngine.csproj", "{5DFD30C3-3019-4D37-A30F-8E7C6B89A4A1}"
EndProject
Global
	GlobalSection(SolutionConfigurationPlatforms) = preSolution
		Debug|Any CPU = Debug|Any CPU
		Debug|ARM = Debug|ARM
		Debug|Mixed Platforms = Debug|Mixed Platforms
		Debug|x86 = Debug|x86
		Obfuscate|Any CPU = Obfuscate|Any CPU
		Obfuscate|ARM = Obfuscate|ARM
		Obfuscate|Mixed Platforms = Obfuscate|Mixed Platforms
		Obfuscate|x86 = Obfuscate|x86
		Release|Any CPU = Release|Any CPU
		Release|ARM = Release|ARM
		Release|Mixed Platforms = Release|Mixed Platforms
		Release|x86 = Release|x86
	EndGlobalSection
	GlobalSection(ProjectConfigurationPlatforms) = postSolution
		{43714FD7-5E85-4199-B028-DFA57A6A165A}.Debug|Any CPU.ActiveCfg = Debug|Any CPU
		{43714FD7-5E85-4199-B028-DFA57A6A165A}.Debug|Any CPU.Build.0 = Debug|Any CPU
		{43714FD7-5E85-4199-B028-DFA57A6A165A}.Debug|ARM.ActiveCfg = Debug|Any CPU
		{43714FD7-5E85-4199-B028-DFA57A6A165A}.Debug|Mixed Platforms.ActiveCfg = Debug|Any CPU
		{43714FD7-5E85-4199-B028-DFA57A6A165A}.Debug|Mixed Platforms.Build.0 = Debug|Any CPU
		{43714FD7-5E85-4199-B028-DFA57A6A165A}.Debug|x86.ActiveCfg = Debug|Any CPU
		{43714FD7-5E85-4199-B028-DFA57A6A165A}.Obfuscate|Any CPU.ActiveCfg = Obfuscate|Any CPU
		{43714FD7-5E85-4199-B028-DFA57A6A165A}.Obfuscate|Any CPU.Build.0 = Obfuscate|Any CPU
		{43714FD7-5E85-4199-B028-DFA57A6A165A}.Obfuscate|ARM.ActiveCfg = Obfuscate|Any CPU
		{43714FD7-5E85-4199-B028-DFA57A6A165A}.Obfuscate|Mixed Platforms.ActiveCfg = Obfuscate|Any CPU
		{43714FD7-5E85-4199-B028-DFA57A6A165A}.Obfuscate|Mixed Platforms.Build.0 = Obfuscate|Any CPU
		{43714FD7-5E85-4199-B028-DFA57A6A165A}.Obfuscate|x86.ActiveCfg = Obfuscate|Any CPU
		{43714FD7-5E85-4199-B028-DFA57A6A165A}.Release|Any CPU.ActiveCfg = Release|Any CPU
		{43714FD7-5E85-4199-B028-DFA57A6A165A}.Release|Any CPU.Build.0 = Release|Any CPU
		{43714FD7-5E85-4199-B028-DFA57A6A165A}.Release|ARM.ActiveCfg = Release|Any CPU
		{43714FD7-5E85-4199-B028-DFA57A6A165A}.Release|Mixed Platforms.ActiveCfg = Release|Any CPU
		{43714FD7-5E85-4199-B028-DFA57A6A165A}.Release|Mixed Platforms.Build.0 = Release|Any CPU
		{43714FD7-5E85-4199-B028-DFA57A6A165A}.Release|x86.ActiveCfg = Release|Any CPU
		{607362B7-EFD2-49D4-AC3B-51D66448524F}.Debug|Any CPU.ActiveCfg = Debug|Any CPU
		{607362B7-EFD2-49D4-AC3B-51D66448524F}.Debug|Any CPU.Build.0 = Debug|Any CPU
		{607362B7-EFD2-49D4-AC3B-51D66448524F}.Debug|ARM.ActiveCfg = Debug|Any CPU
		{607362B7-EFD2-49D4-AC3B-51D66448524F}.Debug|Mixed Platforms.ActiveCfg = Debug|Any CPU
		{607362B7-EFD2-49D4-AC3B-51D66448524F}.Debug|Mixed Platforms.Build.0 = Debug|Any CPU
		{607362B7-EFD2-49D4-AC3B-51D66448524F}.Debug|x86.ActiveCfg = Debug|Any CPU
		{607362B7-EFD2-49D4-AC3B-51D66448524F}.Obfuscate|Any CPU.ActiveCfg = Obfuscate|Any CPU
		{607362B7-EFD2-49D4-AC3B-51D66448524F}.Obfuscate|Any CPU.Build.0 = Obfuscate|Any CPU
		{607362B7-EFD2-49D4-AC3B-51D66448524F}.Obfuscate|ARM.ActiveCfg = Obfuscate|Any CPU
		{607362B7-EFD2-49D4-AC3B-51D66448524F}.Obfuscate|Mixed Platforms.ActiveCfg = Obfuscate|Any CPU
		{607362B7-EFD2-49D4-AC3B-51D66448524F}.Obfuscate|Mixed Platforms.Build.0 = Obfuscate|Any CPU
		{607362B7-EFD2-49D4-AC3B-51D66448524F}.Obfuscate|x86.ActiveCfg = Obfuscate|Any CPU
		{607362B7-EFD2-49D4-AC3B-51D66448524F}.Release|Any CPU.ActiveCfg = Release|Any CPU
		{607362B7-EFD2-49D4-AC3B-51D66448524F}.Release|Any CPU.Build.0 = Release|Any CPU
		{607362B7-EFD2-49D4-AC3B-51D66448524F}.Release|ARM.ActiveCfg = Release|Any CPU
		{607362B7-EFD2-49D4-AC3B-51D66448524F}.Release|Mixed Platforms.ActiveCfg = Release|Any CPU
		{607362B7-EFD2-49D4-AC3B-51D66448524F}.Release|Mixed Platforms.Build.0 = Release|Any CPU
		{607362B7-EFD2-49D4-AC3B-51D66448524F}.Release|x86.ActiveCfg = Release|Any CPU
		{9A8288D1-A0D0-4823-AB4C-46F6FEBB833E}.Debug|Any CPU.ActiveCfg = Debug|Any CPU
		{9A8288D1-A0D0-4823-AB4C-46F6FEBB833E}.Debug|Any CPU.Build.0 = Debug|Any CPU
		{9A8288D1-A0D0-4823-AB4C-46F6FEBB833E}.Debug|ARM.ActiveCfg = Debug|Any CPU
		{9A8288D1-A0D0-4823-AB4C-46F6FEBB833E}.Debug|Mixed Platforms.ActiveCfg = Debug|Any CPU
		{9A8288D1-A0D0-4823-AB4C-46F6FEBB833E}.Debug|Mixed Platforms.Build.0 = Debug|Any CPU
		{9A8288D1-A0D0-4823-AB4C-46F6FEBB833E}.Debug|x86.ActiveCfg = Debug|Any CPU
		{9A8288D1-A0D0-4823-AB4C-46F6FEBB833E}.Obfuscate|Any CPU.ActiveCfg = Obfuscate|Any CPU
		{9A8288D1-A0D0-4823-AB4C-46F6FEBB833E}.Obfuscate|Any CPU.Build.0 = Obfuscate|Any CPU
		{9A8288D1-A0D0-4823-AB4C-46F6FEBB833E}.Obfuscate|ARM.ActiveCfg = Obfuscate|Any CPU
		{9A8288D1-A0D0-4823-AB4C-46F6FEBB833E}.Obfuscate|Mixed Platforms.ActiveCfg = Obfuscate|Any CPU
		{9A8288D1-A0D0-4823-AB4C-46F6FEBB833E}.Obfuscate|Mixed Platforms.Build.0 = Obfuscate|Any CPU
		{9A8288D1-A0D0-4823-AB4C-46F6FEBB833E}.Obfuscate|x86.ActiveCfg = Obfuscate|Any CPU
		{9A8288D1-A0D0-4823-AB4C-46F6FEBB833E}.Release|Any CPU.ActiveCfg = Release|Any CPU
		{9A8288D1-A0D0-4823-AB4C-46F6FEBB833E}.Release|Any CPU.Build.0 = Release|Any CPU
		{9A8288D1-A0D0-4823-AB4C-46F6FEBB833E}.Release|ARM.ActiveCfg = Release|Any CPU
		{9A8288D1-A0D0-4823-AB4C-46F6FEBB833E}.Release|Mixed Platforms.ActiveCfg = Release|Any CPU
		{9A8288D1-A0D0-4823-AB4C-46F6FEBB833E}.Release|Mixed Platforms.Build.0 = Release|Any CPU
		{9A8288D1-A0D0-4823-AB4C-46F6FEBB833E}.Release|x86.ActiveCfg = Release|Any CPU
		{ACABE9A8-825E-46A4-8A52-EC44DA8357F7}.Debug|Any CPU.ActiveCfg = Debug|Any CPU
		{ACABE9A8-825E-46A4-8A52-EC44DA8357F7}.Debug|Any CPU.Build.0 = Debug|Any CPU
		{ACABE9A8-825E-46A4-8A52-EC44DA8357F7}.Debug|ARM.ActiveCfg = Debug|Any CPU
		{ACABE9A8-825E-46A4-8A52-EC44DA8357F7}.Debug|Mixed Platforms.ActiveCfg = Debug|Any CPU
		{ACABE9A8-825E-46A4-8A52-EC44DA8357F7}.Debug|Mixed Platforms.Build.0 = Debug|Any CPU
		{ACABE9A8-825E-46A4-8A52-EC44DA8357F7}.Debug|x86.ActiveCfg = Debug|Any CPU
		{ACABE9A8-825E-46A4-8A52-EC44DA8357F7}.Obfuscate|Any CPU.ActiveCfg = Obfuscate|Any CPU
		{ACABE9A8-825E-46A4-8A52-EC44DA8357F7}.Obfuscate|Any CPU.Build.0 = Obfuscate|Any CPU
		{ACABE9A8-825E-46A4-8A52-EC44DA8357F7}.Obfuscate|ARM.ActiveCfg = Obfuscate|Any CPU
		{ACABE9A8-825E-46A4-8A52-EC44DA8357F7}.Obfuscate|Mixed Platforms.ActiveCfg = Obfuscate|Any CPU
		{ACABE9A8-825E-46A4-8A52-EC44DA8357F7}.Obfuscate|Mixed Platforms.Build.0 = Obfuscate|Any CPU
		{ACABE9A8-825E-46A4-8A52-EC44DA8357F7}.Obfuscate|x86.ActiveCfg = Obfuscate|Any CPU
		{ACABE9A8-825E-46A4-8A52-EC44DA8357F7}.Release|Any CPU.ActiveCfg = Release|Any CPU
		{ACABE9A8-825E-46A4-8A52-EC44DA8357F7}.Release|Any CPU.Build.0 = Release|Any CPU
		{ACABE9A8-825E-46A4-8A52-EC44DA8357F7}.Release|ARM.ActiveCfg = Release|Any CPU
		{ACABE9A8-825E-46A4-8A52-EC44DA8357F7}.Release|Mixed Platforms.ActiveCfg = Release|Any CPU
		{ACABE9A8-825E-46A4-8A52-EC44DA8357F7}.Release|Mixed Platforms.Build.0 = Release|Any CPU
		{ACABE9A8-825E-46A4-8A52-EC44DA8357F7}.Release|x86.ActiveCfg = Release|Any CPU
		{A7A9F816-2F82-4171-96EC-DA0A9303B4E9}.Debug|Any CPU.ActiveCfg = Debug|Any CPU
		{A7A9F816-2F82-4171-96EC-DA0A9303B4E9}.Debug|Any CPU.Build.0 = Debug|Any CPU
		{A7A9F816-2F82-4171-96EC-DA0A9303B4E9}.Debug|ARM.ActiveCfg = Debug|Any CPU
		{A7A9F816-2F82-4171-96EC-DA0A9303B4E9}.Debug|Mixed Platforms.ActiveCfg = Debug|Any CPU
		{A7A9F816-2F82-4171-96EC-DA0A9303B4E9}.Debug|Mixed Platforms.Build.0 = Debug|Any CPU
		{A7A9F816-2F82-4171-96EC-DA0A9303B4E9}.Debug|x86.ActiveCfg = Debug|Any CPU
		{A7A9F816-2F82-4171-96EC-DA0A9303B4E9}.Obfuscate|Any CPU.ActiveCfg = Obfuscate|Any CPU
		{A7A9F816-2F82-4171-96EC-DA0A9303B4E9}.Obfuscate|Any CPU.Build.0 = Obfuscate|Any CPU
		{A7A9F816-2F82-4171-96EC-DA0A9303B4E9}.Obfuscate|ARM.ActiveCfg = Obfuscate|Any CPU
		{A7A9F816-2F82-4171-96EC-DA0A9303B4E9}.Obfuscate|Mixed Platforms.ActiveCfg = Obfuscate|Any CPU
		{A7A9F816-2F82-4171-96EC-DA0A9303B4E9}.Obfuscate|Mixed Platforms.Build.0 = Obfuscate|Any CPU
		{A7A9F816-2F82-4171-96EC-DA0A9303B4E9}.Obfuscate|x86.ActiveCfg = Obfuscate|Any CPU
		{A7A9F816-2F82-4171-96EC-DA0A9303B4E9}.Release|Any CPU.ActiveCfg = Release|Any CPU
		{A7A9F816-2F82-4171-96EC-DA0A9303B4E9}.Release|Any CPU.Build.0 = Release|Any CPU
		{A7A9F816-2F82-4171-96EC-DA0A9303B4E9}.Release|ARM.ActiveCfg = Release|Any CPU
		{A7A9F816-2F82-4171-96EC-DA0A9303B4E9}.Release|Mixed Platforms.ActiveCfg = Release|Any CPU
		{A7A9F816-2F82-4171-96EC-DA0A9303B4E9}.Release|Mixed Platforms.Build.0 = Release|Any CPU
		{A7A9F816-2F82-4171-96EC-DA0A9303B4E9}.Release|x86.ActiveCfg = Release|Any CPU
		{5A2EB5A3-FCCA-4141-88B1-00A572C89118}.Debug|Any CPU.ActiveCfg = Debug|x86
		{5A2EB5A3-FCCA-4141-88B1-00A572C89118}.Debug|ARM.ActiveCfg = Debug|x86
		{5A2EB5A3-FCCA-4141-88B1-00A572C89118}.Debug|Mixed Platforms.ActiveCfg = Debug|x86
		{5A2EB5A3-FCCA-4141-88B1-00A572C89118}.Debug|Mixed Platforms.Build.0 = Debug|x86
		{5A2EB5A3-FCCA-4141-88B1-00A572C89118}.Debug|x86.ActiveCfg = Debug|x86
		{5A2EB5A3-FCCA-4141-88B1-00A572C89118}.Debug|x86.Build.0 = Debug|x86
		{5A2EB5A3-FCCA-4141-88B1-00A572C89118}.Obfuscate|Any CPU.ActiveCfg = Obfuscate|x86
		{5A2EB5A3-FCCA-4141-88B1-00A572C89118}.Obfuscate|ARM.ActiveCfg = Obfuscate|x86
		{5A2EB5A3-FCCA-4141-88B1-00A572C89118}.Obfuscate|Mixed Platforms.ActiveCfg = Obfuscate|x86
		{5A2EB5A3-FCCA-4141-88B1-00A572C89118}.Obfuscate|Mixed Platforms.Build.0 = Obfuscate|x86
		{5A2EB5A3-FCCA-4141-88B1-00A572C89118}.Obfuscate|x86.ActiveCfg = Obfuscate|x86
		{5A2EB5A3-FCCA-4141-88B1-00A572C89118}.Obfuscate|x86.Build.0 = Obfuscate|x86
		{5A2EB5A3-FCCA-4141-88B1-00A572C89118}.Release|Any CPU.ActiveCfg = Release|x86
		{5A2EB5A3-FCCA-4141-88B1-00A572C89118}.Release|ARM.ActiveCfg = Release|x86
		{5A2EB5A3-FCCA-4141-88B1-00A572C89118}.Release|Mixed Platforms.ActiveCfg = Release|x86
		{5A2EB5A3-FCCA-4141-88B1-00A572C89118}.Release|Mixed Platforms.Build.0 = Release|x86
		{5A2EB5A3-FCCA-4141-88B1-00A572C89118}.Release|x86.ActiveCfg = Release|x86
		{5A2EB5A3-FCCA-4141-88B1-00A572C89118}.Release|x86.Build.0 = Release|x86
		{3262A8CE-285F-4AAF-B3BE-569AB7CCA56A}.Debug|Any CPU.ActiveCfg = Debug|Any CPU
		{3262A8CE-285F-4AAF-B3BE-569AB7CCA56A}.Debug|Any CPU.Build.0 = Debug|Any CPU
		{3262A8CE-285F-4AAF-B3BE-569AB7CCA56A}.Debug|ARM.ActiveCfg = Debug|Any CPU
		{3262A8CE-285F-4AAF-B3BE-569AB7CCA56A}.Debug|Mixed Platforms.ActiveCfg = Debug|Any CPU
		{3262A8CE-285F-4AAF-B3BE-569AB7CCA56A}.Debug|Mixed Platforms.Build.0 = Debug|Any CPU
		{3262A8CE-285F-4AAF-B3BE-569AB7CCA56A}.Debug|x86.ActiveCfg = Debug|Any CPU
		{3262A8CE-285F-4AAF-B3BE-569AB7CCA56A}.Obfuscate|Any CPU.ActiveCfg = Obfuscate|Any CPU
		{3262A8CE-285F-4AAF-B3BE-569AB7CCA56A}.Obfuscate|Any CPU.Build.0 = Obfuscate|Any CPU
		{3262A8CE-285F-4AAF-B3BE-569AB7CCA56A}.Obfuscate|ARM.ActiveCfg = Obfuscate|Any CPU
		{3262A8CE-285F-4AAF-B3BE-569AB7CCA56A}.Obfuscate|Mixed Platforms.ActiveCfg = Obfuscate|Any CPU
		{3262A8CE-285F-4AAF-B3BE-569AB7CCA56A}.Obfuscate|Mixed Platforms.Build.0 = Obfuscate|Any CPU
		{3262A8CE-285F-4AAF-B3BE-569AB7CCA56A}.Obfuscate|x86.ActiveCfg = Obfuscate|Any CPU
		{3262A8CE-285F-4AAF-B3BE-569AB7CCA56A}.Release|Any CPU.ActiveCfg = Release|Any CPU
		{3262A8CE-285F-4AAF-B3BE-569AB7CCA56A}.Release|Any CPU.Build.0 = Release|Any CPU
		{3262A8CE-285F-4AAF-B3BE-569AB7CCA56A}.Release|ARM.ActiveCfg = Release|Any CPU
		{3262A8CE-285F-4AAF-B3BE-569AB7CCA56A}.Release|Mixed Platforms.ActiveCfg = Release|Any CPU
		{3262A8CE-285F-4AAF-B3BE-569AB7CCA56A}.Release|Mixed Platforms.Build.0 = Release|Any CPU
		{3262A8CE-285F-4AAF-B3BE-569AB7CCA56A}.Release|x86.ActiveCfg = Release|Any CPU
		{2B385878-F208-4181-B275-9E86230FB730}.Debug|Any CPU.ActiveCfg = Debug|Any CPU
		{2B385878-F208-4181-B275-9E86230FB730}.Debug|Any CPU.Build.0 = Debug|Any CPU
		{2B385878-F208-4181-B275-9E86230FB730}.Debug|ARM.ActiveCfg = Debug|Any CPU
		{2B385878-F208-4181-B275-9E86230FB730}.Debug|Mixed Platforms.ActiveCfg = Debug|Any CPU
		{2B385878-F208-4181-B275-9E86230FB730}.Debug|Mixed Platforms.Build.0 = Debug|Any CPU
		{2B385878-F208-4181-B275-9E86230FB730}.Debug|x86.ActiveCfg = Debug|Any CPU
		{2B385878-F208-4181-B275-9E86230FB730}.Obfuscate|Any CPU.ActiveCfg = Obfuscate|Any CPU
		{2B385878-F208-4181-B275-9E86230FB730}.Obfuscate|Any CPU.Build.0 = Obfuscate|Any CPU
		{2B385878-F208-4181-B275-9E86230FB730}.Obfuscate|ARM.ActiveCfg = Obfuscate|Any CPU
		{2B385878-F208-4181-B275-9E86230FB730}.Obfuscate|Mixed Platforms.ActiveCfg = Obfuscate|Any CPU
		{2B385878-F208-4181-B275-9E86230FB730}.Obfuscate|Mixed Platforms.Build.0 = Obfuscate|Any CPU
		{2B385878-F208-4181-B275-9E86230FB730}.Obfuscate|x86.ActiveCfg = Obfuscate|Any CPU
		{2B385878-F208-4181-B275-9E86230FB730}.Release|Any CPU.ActiveCfg = Release|Any CPU
		{2B385878-F208-4181-B275-9E86230FB730}.Release|Any CPU.Build.0 = Release|Any CPU
		{2B385878-F208-4181-B275-9E86230FB730}.Release|ARM.ActiveCfg = Release|Any CPU
		{2B385878-F208-4181-B275-9E86230FB730}.Release|Mixed Platforms.ActiveCfg = Release|Any CPU
		{2B385878-F208-4181-B275-9E86230FB730}.Release|Mixed Platforms.Build.0 = Release|Any CPU
		{2B385878-F208-4181-B275-9E86230FB730}.Release|x86.ActiveCfg = Release|Any CPU
		{54FACA0D-769A-48D1-8BF5-C864D2BCF26A}.Debug|Any CPU.ActiveCfg = Debug|Any CPU
		{54FACA0D-769A-48D1-8BF5-C864D2BCF26A}.Debug|Any CPU.Build.0 = Debug|Any CPU
		{54FACA0D-769A-48D1-8BF5-C864D2BCF26A}.Debug|ARM.ActiveCfg = Debug|Any CPU
		{54FACA0D-769A-48D1-8BF5-C864D2BCF26A}.Debug|Mixed Platforms.ActiveCfg = Debug|Any CPU
		{54FACA0D-769A-48D1-8BF5-C864D2BCF26A}.Debug|Mixed Platforms.Build.0 = Debug|Any CPU
		{54FACA0D-769A-48D1-8BF5-C864D2BCF26A}.Debug|x86.ActiveCfg = Debug|Any CPU
		{54FACA0D-769A-48D1-8BF5-C864D2BCF26A}.Obfuscate|Any CPU.ActiveCfg = Release|Any CPU
		{54FACA0D-769A-48D1-8BF5-C864D2BCF26A}.Obfuscate|Any CPU.Build.0 = Release|Any CPU
		{54FACA0D-769A-48D1-8BF5-C864D2BCF26A}.Obfuscate|ARM.ActiveCfg = Release|Any CPU
		{54FACA0D-769A-48D1-8BF5-C864D2BCF26A}.Obfuscate|Mixed Platforms.ActiveCfg = Release|Any CPU
		{54FACA0D-769A-48D1-8BF5-C864D2BCF26A}.Obfuscate|Mixed Platforms.Build.0 = Release|Any CPU
		{54FACA0D-769A-48D1-8BF5-C864D2BCF26A}.Obfuscate|x86.ActiveCfg = Release|Any CPU
		{54FACA0D-769A-48D1-8BF5-C864D2BCF26A}.Release|Any CPU.ActiveCfg = Release|Any CPU
		{54FACA0D-769A-48D1-8BF5-C864D2BCF26A}.Release|Any CPU.Build.0 = Release|Any CPU
		{54FACA0D-769A-48D1-8BF5-C864D2BCF26A}.Release|ARM.ActiveCfg = Release|Any CPU
		{54FACA0D-769A-48D1-8BF5-C864D2BCF26A}.Release|Mixed Platforms.ActiveCfg = Release|Any CPU
		{54FACA0D-769A-48D1-8BF5-C864D2BCF26A}.Release|Mixed Platforms.Build.0 = Release|Any CPU
		{54FACA0D-769A-48D1-8BF5-C864D2BCF26A}.Release|x86.ActiveCfg = Release|Any CPU
		{CFF06607-17A4-4351-9566-B54569C5BFFE}.Debug|Any CPU.ActiveCfg = Debug|Any CPU
		{CFF06607-17A4-4351-9566-B54569C5BFFE}.Debug|Any CPU.Build.0 = Debug|Any CPU
		{CFF06607-17A4-4351-9566-B54569C5BFFE}.Debug|ARM.ActiveCfg = Debug|Any CPU
		{CFF06607-17A4-4351-9566-B54569C5BFFE}.Debug|Mixed Platforms.ActiveCfg = Debug|Any CPU
		{CFF06607-17A4-4351-9566-B54569C5BFFE}.Debug|Mixed Platforms.Build.0 = Debug|Any CPU
		{CFF06607-17A4-4351-9566-B54569C5BFFE}.Debug|x86.ActiveCfg = Debug|Any CPU
		{CFF06607-17A4-4351-9566-B54569C5BFFE}.Obfuscate|Any CPU.ActiveCfg = Release|Any CPU
		{CFF06607-17A4-4351-9566-B54569C5BFFE}.Obfuscate|Any CPU.Build.0 = Release|Any CPU
		{CFF06607-17A4-4351-9566-B54569C5BFFE}.Obfuscate|ARM.ActiveCfg = Release|Any CPU
		{CFF06607-17A4-4351-9566-B54569C5BFFE}.Obfuscate|Mixed Platforms.ActiveCfg = Release|Any CPU
		{CFF06607-17A4-4351-9566-B54569C5BFFE}.Obfuscate|Mixed Platforms.Build.0 = Release|Any CPU
		{CFF06607-17A4-4351-9566-B54569C5BFFE}.Obfuscate|x86.ActiveCfg = Release|Any CPU
		{CFF06607-17A4-4351-9566-B54569C5BFFE}.Release|Any CPU.ActiveCfg = Release|Any CPU
		{CFF06607-17A4-4351-9566-B54569C5BFFE}.Release|Any CPU.Build.0 = Release|Any CPU
		{CFF06607-17A4-4351-9566-B54569C5BFFE}.Release|ARM.ActiveCfg = Release|Any CPU
		{CFF06607-17A4-4351-9566-B54569C5BFFE}.Release|Mixed Platforms.ActiveCfg = Release|Any CPU
		{CFF06607-17A4-4351-9566-B54569C5BFFE}.Release|Mixed Platforms.Build.0 = Release|Any CPU
		{CFF06607-17A4-4351-9566-B54569C5BFFE}.Release|x86.ActiveCfg = Release|Any CPU
		{6D1A61E4-7B66-4806-83EB-A60FB464CA0D}.Debug|Any CPU.ActiveCfg = Debug|Any CPU
		{6D1A61E4-7B66-4806-83EB-A60FB464CA0D}.Debug|Any CPU.Build.0 = Debug|Any CPU
		{6D1A61E4-7B66-4806-83EB-A60FB464CA0D}.Debug|ARM.ActiveCfg = Debug|Any CPU
		{6D1A61E4-7B66-4806-83EB-A60FB464CA0D}.Debug|Mixed Platforms.ActiveCfg = Debug|Any CPU
		{6D1A61E4-7B66-4806-83EB-A60FB464CA0D}.Debug|Mixed Platforms.Build.0 = Debug|Any CPU
		{6D1A61E4-7B66-4806-83EB-A60FB464CA0D}.Debug|x86.ActiveCfg = Debug|Any CPU
		{6D1A61E4-7B66-4806-83EB-A60FB464CA0D}.Obfuscate|Any CPU.ActiveCfg = Release|Any CPU
		{6D1A61E4-7B66-4806-83EB-A60FB464CA0D}.Obfuscate|Any CPU.Build.0 = Release|Any CPU
		{6D1A61E4-7B66-4806-83EB-A60FB464CA0D}.Obfuscate|ARM.ActiveCfg = Release|Any CPU
		{6D1A61E4-7B66-4806-83EB-A60FB464CA0D}.Obfuscate|Mixed Platforms.ActiveCfg = Release|Any CPU
		{6D1A61E4-7B66-4806-83EB-A60FB464CA0D}.Obfuscate|Mixed Platforms.Build.0 = Release|Any CPU
		{6D1A61E4-7B66-4806-83EB-A60FB464CA0D}.Obfuscate|x86.ActiveCfg = Release|Any CPU
		{6D1A61E4-7B66-4806-83EB-A60FB464CA0D}.Release|Any CPU.ActiveCfg = Release|Any CPU
		{6D1A61E4-7B66-4806-83EB-A60FB464CA0D}.Release|Any CPU.Build.0 = Release|Any CPU
		{6D1A61E4-7B66-4806-83EB-A60FB464CA0D}.Release|ARM.ActiveCfg = Release|Any CPU
		{6D1A61E4-7B66-4806-83EB-A60FB464CA0D}.Release|Mixed Platforms.ActiveCfg = Release|Any CPU
		{6D1A61E4-7B66-4806-83EB-A60FB464CA0D}.Release|Mixed Platforms.Build.0 = Release|Any CPU
		{6D1A61E4-7B66-4806-83EB-A60FB464CA0D}.Release|x86.ActiveCfg = Release|Any CPU
		{11648974-1332-4970-A870-D4F5D477E09E}.Debug|Any CPU.ActiveCfg = Debug|Any CPU
		{11648974-1332-4970-A870-D4F5D477E09E}.Debug|Any CPU.Build.0 = Debug|Any CPU
		{11648974-1332-4970-A870-D4F5D477E09E}.Debug|ARM.ActiveCfg = Debug|Any CPU
		{11648974-1332-4970-A870-D4F5D477E09E}.Debug|Mixed Platforms.ActiveCfg = Debug|Any CPU
		{11648974-1332-4970-A870-D4F5D477E09E}.Debug|Mixed Platforms.Build.0 = Debug|Any CPU
		{11648974-1332-4970-A870-D4F5D477E09E}.Debug|x86.ActiveCfg = Debug|Any CPU
		{11648974-1332-4970-A870-D4F5D477E09E}.Obfuscate|Any CPU.ActiveCfg = Release|Any CPU
		{11648974-1332-4970-A870-D4F5D477E09E}.Obfuscate|Any CPU.Build.0 = Release|Any CPU
		{11648974-1332-4970-A870-D4F5D477E09E}.Obfuscate|ARM.ActiveCfg = Release|Any CPU
		{11648974-1332-4970-A870-D4F5D477E09E}.Obfuscate|Mixed Platforms.ActiveCfg = Release|Any CPU
		{11648974-1332-4970-A870-D4F5D477E09E}.Obfuscate|Mixed Platforms.Build.0 = Release|Any CPU
		{11648974-1332-4970-A870-D4F5D477E09E}.Obfuscate|x86.ActiveCfg = Release|Any CPU
		{11648974-1332-4970-A870-D4F5D477E09E}.Release|Any CPU.ActiveCfg = Release|Any CPU
		{11648974-1332-4970-A870-D4F5D477E09E}.Release|Any CPU.Build.0 = Release|Any CPU
		{11648974-1332-4970-A870-D4F5D477E09E}.Release|ARM.ActiveCfg = Release|Any CPU
		{11648974-1332-4970-A870-D4F5D477E09E}.Release|Mixed Platforms.ActiveCfg = Release|Any CPU
		{11648974-1332-4970-A870-D4F5D477E09E}.Release|Mixed Platforms.Build.0 = Release|Any CPU
		{11648974-1332-4970-A870-D4F5D477E09E}.Release|x86.ActiveCfg = Release|Any CPU
		{B4035297-224C-404C-925D-0807F7D5EC25}.Debug|Any CPU.ActiveCfg = Debug|Any CPU
		{B4035297-224C-404C-925D-0807F7D5EC25}.Debug|Any CPU.Build.0 = Debug|Any CPU
		{B4035297-224C-404C-925D-0807F7D5EC25}.Debug|ARM.ActiveCfg = Debug|Any CPU
		{B4035297-224C-404C-925D-0807F7D5EC25}.Debug|Mixed Platforms.ActiveCfg = Debug|Any CPU
		{B4035297-224C-404C-925D-0807F7D5EC25}.Debug|Mixed Platforms.Build.0 = Debug|Any CPU
		{B4035297-224C-404C-925D-0807F7D5EC25}.Debug|x86.ActiveCfg = Debug|Any CPU
		{B4035297-224C-404C-925D-0807F7D5EC25}.Obfuscate|Any CPU.ActiveCfg = Release|Any CPU
		{B4035297-224C-404C-925D-0807F7D5EC25}.Obfuscate|Any CPU.Build.0 = Release|Any CPU
		{B4035297-224C-404C-925D-0807F7D5EC25}.Obfuscate|ARM.ActiveCfg = Release|Any CPU
		{B4035297-224C-404C-925D-0807F7D5EC25}.Obfuscate|Mixed Platforms.ActiveCfg = Release|Any CPU
		{B4035297-224C-404C-925D-0807F7D5EC25}.Obfuscate|Mixed Platforms.Build.0 = Release|Any CPU
		{B4035297-224C-404C-925D-0807F7D5EC25}.Obfuscate|x86.ActiveCfg = Release|Any CPU
		{B4035297-224C-404C-925D-0807F7D5EC25}.Release|Any CPU.ActiveCfg = Release|Any CPU
		{B4035297-224C-404C-925D-0807F7D5EC25}.Release|Any CPU.Build.0 = Release|Any CPU
		{B4035297-224C-404C-925D-0807F7D5EC25}.Release|ARM.ActiveCfg = Release|Any CPU
		{B4035297-224C-404C-925D-0807F7D5EC25}.Release|Mixed Platforms.ActiveCfg = Release|Any CPU
		{B4035297-224C-404C-925D-0807F7D5EC25}.Release|Mixed Platforms.Build.0 = Release|Any CPU
		{B4035297-224C-404C-925D-0807F7D5EC25}.Release|x86.ActiveCfg = Release|Any CPU
		{0EA15C58-9F7A-4FDA-9AD5-38F3C8C42A00}.Debug|Any CPU.ActiveCfg = Debug|Any CPU
		{0EA15C58-9F7A-4FDA-9AD5-38F3C8C42A00}.Debug|Any CPU.Build.0 = Debug|Any CPU
		{0EA15C58-9F7A-4FDA-9AD5-38F3C8C42A00}.Debug|ARM.ActiveCfg = Debug|Any CPU
		{0EA15C58-9F7A-4FDA-9AD5-38F3C8C42A00}.Debug|Mixed Platforms.ActiveCfg = Debug|Any CPU
		{0EA15C58-9F7A-4FDA-9AD5-38F3C8C42A00}.Debug|Mixed Platforms.Build.0 = Debug|Any CPU
		{0EA15C58-9F7A-4FDA-9AD5-38F3C8C42A00}.Debug|x86.ActiveCfg = Debug|Any CPU
		{0EA15C58-9F7A-4FDA-9AD5-38F3C8C42A00}.Obfuscate|Any CPU.ActiveCfg = Release|Any CPU
		{0EA15C58-9F7A-4FDA-9AD5-38F3C8C42A00}.Obfuscate|Any CPU.Build.0 = Release|Any CPU
		{0EA15C58-9F7A-4FDA-9AD5-38F3C8C42A00}.Obfuscate|ARM.ActiveCfg = Release|Any CPU
		{0EA15C58-9F7A-4FDA-9AD5-38F3C8C42A00}.Obfuscate|Mixed Platforms.ActiveCfg = Release|Any CPU
		{0EA15C58-9F7A-4FDA-9AD5-38F3C8C42A00}.Obfuscate|Mixed Platforms.Build.0 = Release|Any CPU
		{0EA15C58-9F7A-4FDA-9AD5-38F3C8C42A00}.Obfuscate|x86.ActiveCfg = Release|Any CPU
		{0EA15C58-9F7A-4FDA-9AD5-38F3C8C42A00}.Release|Any CPU.ActiveCfg = Release|Any CPU
		{0EA15C58-9F7A-4FDA-9AD5-38F3C8C42A00}.Release|Any CPU.Build.0 = Release|Any CPU
		{0EA15C58-9F7A-4FDA-9AD5-38F3C8C42A00}.Release|ARM.ActiveCfg = Release|Any CPU
		{0EA15C58-9F7A-4FDA-9AD5-38F3C8C42A00}.Release|Mixed Platforms.ActiveCfg = Release|Any CPU
		{0EA15C58-9F7A-4FDA-9AD5-38F3C8C42A00}.Release|Mixed Platforms.Build.0 = Release|Any CPU
		{0EA15C58-9F7A-4FDA-9AD5-38F3C8C42A00}.Release|x86.ActiveCfg = Release|Any CPU
		{68AB6F55-EDDA-48D0-A0E8-16EAB83D0703}.Debug|Any CPU.ActiveCfg = Debug|Any CPU
		{68AB6F55-EDDA-48D0-A0E8-16EAB83D0703}.Debug|Any CPU.Build.0 = Debug|Any CPU
		{68AB6F55-EDDA-48D0-A0E8-16EAB83D0703}.Debug|ARM.ActiveCfg = Debug|Any CPU
		{68AB6F55-EDDA-48D0-A0E8-16EAB83D0703}.Debug|Mixed Platforms.ActiveCfg = Debug|Any CPU
		{68AB6F55-EDDA-48D0-A0E8-16EAB83D0703}.Debug|Mixed Platforms.Build.0 = Debug|Any CPU
		{68AB6F55-EDDA-48D0-A0E8-16EAB83D0703}.Debug|x86.ActiveCfg = Debug|Any CPU
		{68AB6F55-EDDA-48D0-A0E8-16EAB83D0703}.Obfuscate|Any CPU.ActiveCfg = Release|Any CPU
		{68AB6F55-EDDA-48D0-A0E8-16EAB83D0703}.Obfuscate|Any CPU.Build.0 = Release|Any CPU
		{68AB6F55-EDDA-48D0-A0E8-16EAB83D0703}.Obfuscate|ARM.ActiveCfg = Release|Any CPU
		{68AB6F55-EDDA-48D0-A0E8-16EAB83D0703}.Obfuscate|Mixed Platforms.ActiveCfg = Release|Any CPU
		{68AB6F55-EDDA-48D0-A0E8-16EAB83D0703}.Obfuscate|Mixed Platforms.Build.0 = Release|Any CPU
		{68AB6F55-EDDA-48D0-A0E8-16EAB83D0703}.Obfuscate|x86.ActiveCfg = Release|Any CPU
		{68AB6F55-EDDA-48D0-A0E8-16EAB83D0703}.Release|Any CPU.ActiveCfg = Release|Any CPU
		{68AB6F55-EDDA-48D0-A0E8-16EAB83D0703}.Release|Any CPU.Build.0 = Release|Any CPU
		{68AB6F55-EDDA-48D0-A0E8-16EAB83D0703}.Release|ARM.ActiveCfg = Release|Any CPU
		{68AB6F55-EDDA-48D0-A0E8-16EAB83D0703}.Release|Mixed Platforms.ActiveCfg = Release|Any CPU
		{68AB6F55-EDDA-48D0-A0E8-16EAB83D0703}.Release|Mixed Platforms.Build.0 = Release|Any CPU
		{68AB6F55-EDDA-48D0-A0E8-16EAB83D0703}.Release|x86.ActiveCfg = Release|Any CPU
		{FFA210B6-B65E-4CB3-9A43-E546F132E78A}.Debug|Any CPU.ActiveCfg = Debug|Any CPU
		{FFA210B6-B65E-4CB3-9A43-E546F132E78A}.Debug|Any CPU.Build.0 = Debug|Any CPU
		{FFA210B6-B65E-4CB3-9A43-E546F132E78A}.Debug|ARM.ActiveCfg = Debug|Any CPU
		{FFA210B6-B65E-4CB3-9A43-E546F132E78A}.Debug|Mixed Platforms.ActiveCfg = Debug|Any CPU
		{FFA210B6-B65E-4CB3-9A43-E546F132E78A}.Debug|Mixed Platforms.Build.0 = Debug|Any CPU
		{FFA210B6-B65E-4CB3-9A43-E546F132E78A}.Debug|x86.ActiveCfg = Debug|Any CPU
		{FFA210B6-B65E-4CB3-9A43-E546F132E78A}.Obfuscate|Any CPU.ActiveCfg = Obfuscate|Any CPU
		{FFA210B6-B65E-4CB3-9A43-E546F132E78A}.Obfuscate|Any CPU.Build.0 = Obfuscate|Any CPU
		{FFA210B6-B65E-4CB3-9A43-E546F132E78A}.Obfuscate|ARM.ActiveCfg = Obfuscate|Any CPU
		{FFA210B6-B65E-4CB3-9A43-E546F132E78A}.Obfuscate|Mixed Platforms.ActiveCfg = Obfuscate|Any CPU
		{FFA210B6-B65E-4CB3-9A43-E546F132E78A}.Obfuscate|Mixed Platforms.Build.0 = Obfuscate|Any CPU
		{FFA210B6-B65E-4CB3-9A43-E546F132E78A}.Obfuscate|x86.ActiveCfg = Obfuscate|Any CPU
		{FFA210B6-B65E-4CB3-9A43-E546F132E78A}.Release|Any CPU.ActiveCfg = Release|Any CPU
		{FFA210B6-B65E-4CB3-9A43-E546F132E78A}.Release|Any CPU.Build.0 = Release|Any CPU
		{FFA210B6-B65E-4CB3-9A43-E546F132E78A}.Release|ARM.ActiveCfg = Release|Any CPU
		{FFA210B6-B65E-4CB3-9A43-E546F132E78A}.Release|Mixed Platforms.ActiveCfg = Release|Any CPU
		{FFA210B6-B65E-4CB3-9A43-E546F132E78A}.Release|Mixed Platforms.Build.0 = Release|Any CPU
		{FFA210B6-B65E-4CB3-9A43-E546F132E78A}.Release|x86.ActiveCfg = Release|Any CPU
		{C7EF18BF-DA82-41FE-9F4D-CB7F12A62AF8}.Debug|Any CPU.ActiveCfg = Debug|Any CPU
		{C7EF18BF-DA82-41FE-9F4D-CB7F12A62AF8}.Debug|Any CPU.Build.0 = Debug|Any CPU
		{C7EF18BF-DA82-41FE-9F4D-CB7F12A62AF8}.Debug|ARM.ActiveCfg = Debug|Any CPU
		{C7EF18BF-DA82-41FE-9F4D-CB7F12A62AF8}.Debug|Mixed Platforms.ActiveCfg = Debug|Any CPU
		{C7EF18BF-DA82-41FE-9F4D-CB7F12A62AF8}.Debug|Mixed Platforms.Build.0 = Debug|Any CPU
		{C7EF18BF-DA82-41FE-9F4D-CB7F12A62AF8}.Debug|x86.ActiveCfg = Debug|Any CPU
		{C7EF18BF-DA82-41FE-9F4D-CB7F12A62AF8}.Obfuscate|Any CPU.ActiveCfg = Release|Any CPU
		{C7EF18BF-DA82-41FE-9F4D-CB7F12A62AF8}.Obfuscate|Any CPU.Build.0 = Release|Any CPU
		{C7EF18BF-DA82-41FE-9F4D-CB7F12A62AF8}.Obfuscate|ARM.ActiveCfg = Release|Any CPU
		{C7EF18BF-DA82-41FE-9F4D-CB7F12A62AF8}.Obfuscate|Mixed Platforms.ActiveCfg = Release|Any CPU
		{C7EF18BF-DA82-41FE-9F4D-CB7F12A62AF8}.Obfuscate|Mixed Platforms.Build.0 = Release|Any CPU
		{C7EF18BF-DA82-41FE-9F4D-CB7F12A62AF8}.Obfuscate|x86.ActiveCfg = Release|Any CPU
		{C7EF18BF-DA82-41FE-9F4D-CB7F12A62AF8}.Release|Any CPU.ActiveCfg = Release|Any CPU
		{C7EF18BF-DA82-41FE-9F4D-CB7F12A62AF8}.Release|Any CPU.Build.0 = Release|Any CPU
		{C7EF18BF-DA82-41FE-9F4D-CB7F12A62AF8}.Release|ARM.ActiveCfg = Release|Any CPU
		{C7EF18BF-DA82-41FE-9F4D-CB7F12A62AF8}.Release|Mixed Platforms.ActiveCfg = Release|Any CPU
		{C7EF18BF-DA82-41FE-9F4D-CB7F12A62AF8}.Release|Mixed Platforms.Build.0 = Release|Any CPU
		{C7EF18BF-DA82-41FE-9F4D-CB7F12A62AF8}.Release|x86.ActiveCfg = Release|Any CPU
		{E7879D50-16DD-4930-B64A-E07A8C791CBA}.Debug|Any CPU.ActiveCfg = Debug|Any CPU
		{E7879D50-16DD-4930-B64A-E07A8C791CBA}.Debug|Any CPU.Build.0 = Debug|Any CPU
		{E7879D50-16DD-4930-B64A-E07A8C791CBA}.Debug|ARM.ActiveCfg = Debug|Any CPU
		{E7879D50-16DD-4930-B64A-E07A8C791CBA}.Debug|Mixed Platforms.ActiveCfg = Debug|Any CPU
		{E7879D50-16DD-4930-B64A-E07A8C791CBA}.Debug|Mixed Platforms.Build.0 = Debug|Any CPU
		{E7879D50-16DD-4930-B64A-E07A8C791CBA}.Debug|x86.ActiveCfg = Debug|Any CPU
		{E7879D50-16DD-4930-B64A-E07A8C791CBA}.Obfuscate|Any CPU.ActiveCfg = Release|Any CPU
		{E7879D50-16DD-4930-B64A-E07A8C791CBA}.Obfuscate|Any CPU.Build.0 = Release|Any CPU
		{E7879D50-16DD-4930-B64A-E07A8C791CBA}.Obfuscate|ARM.ActiveCfg = Release|Any CPU
		{E7879D50-16DD-4930-B64A-E07A8C791CBA}.Obfuscate|Mixed Platforms.ActiveCfg = Release|Any CPU
		{E7879D50-16DD-4930-B64A-E07A8C791CBA}.Obfuscate|Mixed Platforms.Build.0 = Release|Any CPU
		{E7879D50-16DD-4930-B64A-E07A8C791CBA}.Obfuscate|x86.ActiveCfg = Release|Any CPU
		{E7879D50-16DD-4930-B64A-E07A8C791CBA}.Release|Any CPU.ActiveCfg = Release|Any CPU
		{E7879D50-16DD-4930-B64A-E07A8C791CBA}.Release|Any CPU.Build.0 = Release|Any CPU
		{E7879D50-16DD-4930-B64A-E07A8C791CBA}.Release|ARM.ActiveCfg = Release|Any CPU
		{E7879D50-16DD-4930-B64A-E07A8C791CBA}.Release|Mixed Platforms.ActiveCfg = Release|Any CPU
		{E7879D50-16DD-4930-B64A-E07A8C791CBA}.Release|Mixed Platforms.Build.0 = Release|Any CPU
		{E7879D50-16DD-4930-B64A-E07A8C791CBA}.Release|x86.ActiveCfg = Release|Any CPU
		{3F8C0B87-F3D4-4B3D-B327-1376F9164B3C}.Debug|Any CPU.ActiveCfg = Debug|Any CPU
		{3F8C0B87-F3D4-4B3D-B327-1376F9164B3C}.Debug|Any CPU.Build.0 = Debug|Any CPU
		{3F8C0B87-F3D4-4B3D-B327-1376F9164B3C}.Debug|ARM.ActiveCfg = Debug|Any CPU
		{3F8C0B87-F3D4-4B3D-B327-1376F9164B3C}.Debug|Mixed Platforms.ActiveCfg = Debug|Any CPU
		{3F8C0B87-F3D4-4B3D-B327-1376F9164B3C}.Debug|Mixed Platforms.Build.0 = Debug|Any CPU
		{3F8C0B87-F3D4-4B3D-B327-1376F9164B3C}.Debug|x86.ActiveCfg = Debug|Any CPU
		{3F8C0B87-F3D4-4B3D-B327-1376F9164B3C}.Obfuscate|Any CPU.ActiveCfg = Obfuscate|Any CPU
		{3F8C0B87-F3D4-4B3D-B327-1376F9164B3C}.Obfuscate|Any CPU.Build.0 = Obfuscate|Any CPU
		{3F8C0B87-F3D4-4B3D-B327-1376F9164B3C}.Obfuscate|ARM.ActiveCfg = Obfuscate|Any CPU
		{3F8C0B87-F3D4-4B3D-B327-1376F9164B3C}.Obfuscate|Mixed Platforms.ActiveCfg = Obfuscate|Any CPU
		{3F8C0B87-F3D4-4B3D-B327-1376F9164B3C}.Obfuscate|Mixed Platforms.Build.0 = Obfuscate|Any CPU
		{3F8C0B87-F3D4-4B3D-B327-1376F9164B3C}.Obfuscate|x86.ActiveCfg = Obfuscate|Any CPU
		{3F8C0B87-F3D4-4B3D-B327-1376F9164B3C}.Release|Any CPU.ActiveCfg = Release|Any CPU
		{3F8C0B87-F3D4-4B3D-B327-1376F9164B3C}.Release|Any CPU.Build.0 = Release|Any CPU
		{3F8C0B87-F3D4-4B3D-B327-1376F9164B3C}.Release|ARM.ActiveCfg = Release|Any CPU
		{3F8C0B87-F3D4-4B3D-B327-1376F9164B3C}.Release|Mixed Platforms.ActiveCfg = Release|Any CPU
		{3F8C0B87-F3D4-4B3D-B327-1376F9164B3C}.Release|Mixed Platforms.Build.0 = Release|Any CPU
		{3F8C0B87-F3D4-4B3D-B327-1376F9164B3C}.Release|x86.ActiveCfg = Release|Any CPU
		{67F9D3A8-F71E-4428-913F-C37AE82CDB24}.Debug|Any CPU.ActiveCfg = Debug|Any CPU
		{67F9D3A8-F71E-4428-913F-C37AE82CDB24}.Debug|Any CPU.Build.0 = Debug|Any CPU
		{67F9D3A8-F71E-4428-913F-C37AE82CDB24}.Debug|ARM.ActiveCfg = Debug|Any CPU
		{67F9D3A8-F71E-4428-913F-C37AE82CDB24}.Debug|Mixed Platforms.ActiveCfg = Debug|Any CPU
		{67F9D3A8-F71E-4428-913F-C37AE82CDB24}.Debug|Mixed Platforms.Build.0 = Debug|Any CPU
		{67F9D3A8-F71E-4428-913F-C37AE82CDB24}.Debug|x86.ActiveCfg = Debug|Any CPU
		{67F9D3A8-F71E-4428-913F-C37AE82CDB24}.Obfuscate|Any CPU.ActiveCfg = Release|Any CPU
		{67F9D3A8-F71E-4428-913F-C37AE82CDB24}.Obfuscate|Any CPU.Build.0 = Release|Any CPU
		{67F9D3A8-F71E-4428-913F-C37AE82CDB24}.Obfuscate|ARM.ActiveCfg = Release|Any CPU
		{67F9D3A8-F71E-4428-913F-C37AE82CDB24}.Obfuscate|Mixed Platforms.ActiveCfg = Release|Any CPU
		{67F9D3A8-F71E-4428-913F-C37AE82CDB24}.Obfuscate|Mixed Platforms.Build.0 = Release|Any CPU
		{67F9D3A8-F71E-4428-913F-C37AE82CDB24}.Obfuscate|x86.ActiveCfg = Release|Any CPU
		{67F9D3A8-F71E-4428-913F-C37AE82CDB24}.Release|Any CPU.ActiveCfg = Release|Any CPU
		{67F9D3A8-F71E-4428-913F-C37AE82CDB24}.Release|Any CPU.Build.0 = Release|Any CPU
		{67F9D3A8-F71E-4428-913F-C37AE82CDB24}.Release|ARM.ActiveCfg = Release|Any CPU
		{67F9D3A8-F71E-4428-913F-C37AE82CDB24}.Release|Mixed Platforms.ActiveCfg = Release|Any CPU
		{67F9D3A8-F71E-4428-913F-C37AE82CDB24}.Release|Mixed Platforms.Build.0 = Release|Any CPU
		{67F9D3A8-F71E-4428-913F-C37AE82CDB24}.Release|x86.ActiveCfg = Release|Any CPU
		{E8CD6630-632F-482D-9A0E-46BF26F83BE8}.Debug|Any CPU.ActiveCfg = Debug|Any CPU
		{E8CD6630-632F-482D-9A0E-46BF26F83BE8}.Debug|Any CPU.Build.0 = Debug|Any CPU
		{E8CD6630-632F-482D-9A0E-46BF26F83BE8}.Debug|ARM.ActiveCfg = Debug|Any CPU
		{E8CD6630-632F-482D-9A0E-46BF26F83BE8}.Debug|Mixed Platforms.ActiveCfg = Debug|Any CPU
		{E8CD6630-632F-482D-9A0E-46BF26F83BE8}.Debug|Mixed Platforms.Build.0 = Debug|Any CPU
		{E8CD6630-632F-482D-9A0E-46BF26F83BE8}.Debug|x86.ActiveCfg = Debug|Any CPU
		{E8CD6630-632F-482D-9A0E-46BF26F83BE8}.Obfuscate|Any CPU.ActiveCfg = Release|Any CPU
		{E8CD6630-632F-482D-9A0E-46BF26F83BE8}.Obfuscate|Any CPU.Build.0 = Release|Any CPU
		{E8CD6630-632F-482D-9A0E-46BF26F83BE8}.Obfuscate|ARM.ActiveCfg = Release|Any CPU
		{E8CD6630-632F-482D-9A0E-46BF26F83BE8}.Obfuscate|Mixed Platforms.ActiveCfg = Release|Any CPU
		{E8CD6630-632F-482D-9A0E-46BF26F83BE8}.Obfuscate|Mixed Platforms.Build.0 = Release|Any CPU
		{E8CD6630-632F-482D-9A0E-46BF26F83BE8}.Obfuscate|x86.ActiveCfg = Release|Any CPU
		{E8CD6630-632F-482D-9A0E-46BF26F83BE8}.Release|Any CPU.ActiveCfg = Release|Any CPU
		{E8CD6630-632F-482D-9A0E-46BF26F83BE8}.Release|Any CPU.Build.0 = Release|Any CPU
		{E8CD6630-632F-482D-9A0E-46BF26F83BE8}.Release|ARM.ActiveCfg = Release|Any CPU
		{E8CD6630-632F-482D-9A0E-46BF26F83BE8}.Release|Mixed Platforms.ActiveCfg = Release|Any CPU
		{E8CD6630-632F-482D-9A0E-46BF26F83BE8}.Release|Mixed Platforms.Build.0 = Release|Any CPU
		{E8CD6630-632F-482D-9A0E-46BF26F83BE8}.Release|x86.ActiveCfg = Release|Any CPU
		{E387751A-5171-45CD-81E8-62311494F2CB}.Debug|Any CPU.ActiveCfg = Debug|Any CPU
		{E387751A-5171-45CD-81E8-62311494F2CB}.Debug|Any CPU.Build.0 = Debug|Any CPU
		{E387751A-5171-45CD-81E8-62311494F2CB}.Debug|ARM.ActiveCfg = Debug|Any CPU
		{E387751A-5171-45CD-81E8-62311494F2CB}.Debug|Mixed Platforms.ActiveCfg = Debug|Any CPU
		{E387751A-5171-45CD-81E8-62311494F2CB}.Debug|Mixed Platforms.Build.0 = Debug|Any CPU
		{E387751A-5171-45CD-81E8-62311494F2CB}.Debug|x86.ActiveCfg = Debug|Any CPU
		{E387751A-5171-45CD-81E8-62311494F2CB}.Obfuscate|Any CPU.ActiveCfg = Release|Any CPU
		{E387751A-5171-45CD-81E8-62311494F2CB}.Obfuscate|Any CPU.Build.0 = Release|Any CPU
		{E387751A-5171-45CD-81E8-62311494F2CB}.Obfuscate|ARM.ActiveCfg = Release|Any CPU
		{E387751A-5171-45CD-81E8-62311494F2CB}.Obfuscate|Mixed Platforms.ActiveCfg = Release|Any CPU
		{E387751A-5171-45CD-81E8-62311494F2CB}.Obfuscate|Mixed Platforms.Build.0 = Release|Any CPU
		{E387751A-5171-45CD-81E8-62311494F2CB}.Obfuscate|x86.ActiveCfg = Release|Any CPU
		{E387751A-5171-45CD-81E8-62311494F2CB}.Release|Any CPU.ActiveCfg = Release|Any CPU
		{E387751A-5171-45CD-81E8-62311494F2CB}.Release|Any CPU.Build.0 = Release|Any CPU
		{E387751A-5171-45CD-81E8-62311494F2CB}.Release|ARM.ActiveCfg = Release|Any CPU
		{E387751A-5171-45CD-81E8-62311494F2CB}.Release|Mixed Platforms.ActiveCfg = Release|Any CPU
		{E387751A-5171-45CD-81E8-62311494F2CB}.Release|Mixed Platforms.Build.0 = Release|Any CPU
		{E387751A-5171-45CD-81E8-62311494F2CB}.Release|x86.ActiveCfg = Release|Any CPU
		{DDB513FA-74CF-4E93-9F4A-3CE31A3250FC}.Debug|Any CPU.ActiveCfg = Debug|Any CPU
		{DDB513FA-74CF-4E93-9F4A-3CE31A3250FC}.Debug|Any CPU.Build.0 = Debug|Any CPU
		{DDB513FA-74CF-4E93-9F4A-3CE31A3250FC}.Debug|ARM.ActiveCfg = Debug|Any CPU
		{DDB513FA-74CF-4E93-9F4A-3CE31A3250FC}.Debug|Mixed Platforms.ActiveCfg = Debug|Any CPU
		{DDB513FA-74CF-4E93-9F4A-3CE31A3250FC}.Debug|Mixed Platforms.Build.0 = Debug|Any CPU
		{DDB513FA-74CF-4E93-9F4A-3CE31A3250FC}.Debug|x86.ActiveCfg = Debug|Any CPU
		{DDB513FA-74CF-4E93-9F4A-3CE31A3250FC}.Obfuscate|Any CPU.ActiveCfg = Release|Any CPU
		{DDB513FA-74CF-4E93-9F4A-3CE31A3250FC}.Obfuscate|Any CPU.Build.0 = Release|Any CPU
		{DDB513FA-74CF-4E93-9F4A-3CE31A3250FC}.Obfuscate|ARM.ActiveCfg = Release|Any CPU
		{DDB513FA-74CF-4E93-9F4A-3CE31A3250FC}.Obfuscate|Mixed Platforms.ActiveCfg = Release|Any CPU
		{DDB513FA-74CF-4E93-9F4A-3CE31A3250FC}.Obfuscate|Mixed Platforms.Build.0 = Release|Any CPU
		{DDB513FA-74CF-4E93-9F4A-3CE31A3250FC}.Obfuscate|x86.ActiveCfg = Release|Any CPU
		{DDB513FA-74CF-4E93-9F4A-3CE31A3250FC}.Release|Any CPU.ActiveCfg = Release|Any CPU
		{DDB513FA-74CF-4E93-9F4A-3CE31A3250FC}.Release|Any CPU.Build.0 = Release|Any CPU
		{DDB513FA-74CF-4E93-9F4A-3CE31A3250FC}.Release|ARM.ActiveCfg = Release|Any CPU
		{DDB513FA-74CF-4E93-9F4A-3CE31A3250FC}.Release|Mixed Platforms.ActiveCfg = Release|Any CPU
		{DDB513FA-74CF-4E93-9F4A-3CE31A3250FC}.Release|Mixed Platforms.Build.0 = Release|Any CPU
		{DDB513FA-74CF-4E93-9F4A-3CE31A3250FC}.Release|x86.ActiveCfg = Release|Any CPU
		{6348A129-2122-4D1D-8E5B-0A4D73C0AE43}.Debug|Any CPU.ActiveCfg = Debug|Any CPU
		{6348A129-2122-4D1D-8E5B-0A4D73C0AE43}.Debug|Any CPU.Build.0 = Debug|Any CPU
		{6348A129-2122-4D1D-8E5B-0A4D73C0AE43}.Debug|ARM.ActiveCfg = Debug|ARM
		{6348A129-2122-4D1D-8E5B-0A4D73C0AE43}.Debug|ARM.Build.0 = Debug|ARM
		{6348A129-2122-4D1D-8E5B-0A4D73C0AE43}.Debug|Mixed Platforms.ActiveCfg = Debug|x86
		{6348A129-2122-4D1D-8E5B-0A4D73C0AE43}.Debug|Mixed Platforms.Build.0 = Debug|x86
		{6348A129-2122-4D1D-8E5B-0A4D73C0AE43}.Debug|x86.ActiveCfg = Debug|x86
		{6348A129-2122-4D1D-8E5B-0A4D73C0AE43}.Debug|x86.Build.0 = Debug|x86
		{6348A129-2122-4D1D-8E5B-0A4D73C0AE43}.Obfuscate|Any CPU.ActiveCfg = Release|Any CPU
		{6348A129-2122-4D1D-8E5B-0A4D73C0AE43}.Obfuscate|Any CPU.Build.0 = Release|Any CPU
		{6348A129-2122-4D1D-8E5B-0A4D73C0AE43}.Obfuscate|ARM.ActiveCfg = Release|ARM
		{6348A129-2122-4D1D-8E5B-0A4D73C0AE43}.Obfuscate|ARM.Build.0 = Release|ARM
		{6348A129-2122-4D1D-8E5B-0A4D73C0AE43}.Obfuscate|Mixed Platforms.ActiveCfg = Release|x86
		{6348A129-2122-4D1D-8E5B-0A4D73C0AE43}.Obfuscate|Mixed Platforms.Build.0 = Release|x86
		{6348A129-2122-4D1D-8E5B-0A4D73C0AE43}.Obfuscate|x86.ActiveCfg = Release|x86
		{6348A129-2122-4D1D-8E5B-0A4D73C0AE43}.Obfuscate|x86.Build.0 = Release|x86
		{6348A129-2122-4D1D-8E5B-0A4D73C0AE43}.Release|Any CPU.ActiveCfg = Release|Any CPU
		{6348A129-2122-4D1D-8E5B-0A4D73C0AE43}.Release|Any CPU.Build.0 = Release|Any CPU
		{6348A129-2122-4D1D-8E5B-0A4D73C0AE43}.Release|ARM.ActiveCfg = Release|ARM
		{6348A129-2122-4D1D-8E5B-0A4D73C0AE43}.Release|ARM.Build.0 = Release|ARM
		{6348A129-2122-4D1D-8E5B-0A4D73C0AE43}.Release|Mixed Platforms.ActiveCfg = Release|x86
		{6348A129-2122-4D1D-8E5B-0A4D73C0AE43}.Release|Mixed Platforms.Build.0 = Release|x86
		{6348A129-2122-4D1D-8E5B-0A4D73C0AE43}.Release|x86.ActiveCfg = Release|x86
		{6348A129-2122-4D1D-8E5B-0A4D73C0AE43}.Release|x86.Build.0 = Release|x86
		{9EDB6177-AF9D-4489-AEB2-4CD37852D3BF}.Debug|Any CPU.ActiveCfg = Debug|Any CPU
		{9EDB6177-AF9D-4489-AEB2-4CD37852D3BF}.Debug|Any CPU.Build.0 = Debug|Any CPU
		{9EDB6177-AF9D-4489-AEB2-4CD37852D3BF}.Debug|ARM.ActiveCfg = Debug|Any CPU
		{9EDB6177-AF9D-4489-AEB2-4CD37852D3BF}.Debug|Mixed Platforms.ActiveCfg = Debug|Any CPU
		{9EDB6177-AF9D-4489-AEB2-4CD37852D3BF}.Debug|Mixed Platforms.Build.0 = Debug|Any CPU
		{9EDB6177-AF9D-4489-AEB2-4CD37852D3BF}.Debug|x86.ActiveCfg = Debug|Any CPU
		{9EDB6177-AF9D-4489-AEB2-4CD37852D3BF}.Obfuscate|Any CPU.ActiveCfg = Release|Any CPU
		{9EDB6177-AF9D-4489-AEB2-4CD37852D3BF}.Obfuscate|Any CPU.Build.0 = Release|Any CPU
		{9EDB6177-AF9D-4489-AEB2-4CD37852D3BF}.Obfuscate|ARM.ActiveCfg = Release|Any CPU
		{9EDB6177-AF9D-4489-AEB2-4CD37852D3BF}.Obfuscate|Mixed Platforms.ActiveCfg = Release|Any CPU
		{9EDB6177-AF9D-4489-AEB2-4CD37852D3BF}.Obfuscate|Mixed Platforms.Build.0 = Release|Any CPU
		{9EDB6177-AF9D-4489-AEB2-4CD37852D3BF}.Obfuscate|x86.ActiveCfg = Release|Any CPU
		{9EDB6177-AF9D-4489-AEB2-4CD37852D3BF}.Release|Any CPU.ActiveCfg = Release|Any CPU
		{9EDB6177-AF9D-4489-AEB2-4CD37852D3BF}.Release|Any CPU.Build.0 = Release|Any CPU
		{9EDB6177-AF9D-4489-AEB2-4CD37852D3BF}.Release|ARM.ActiveCfg = Release|Any CPU
		{9EDB6177-AF9D-4489-AEB2-4CD37852D3BF}.Release|Mixed Platforms.ActiveCfg = Release|Any CPU
		{9EDB6177-AF9D-4489-AEB2-4CD37852D3BF}.Release|Mixed Platforms.Build.0 = Release|Any CPU
		{9EDB6177-AF9D-4489-AEB2-4CD37852D3BF}.Release|x86.ActiveCfg = Release|Any CPU
		{70E0CB9A-802D-42D7-9A53-00C39A339858}.Debug|Any CPU.ActiveCfg = Debug|Any CPU
		{70E0CB9A-802D-42D7-9A53-00C39A339858}.Debug|Any CPU.Build.0 = Debug|Any CPU
		{70E0CB9A-802D-42D7-9A53-00C39A339858}.Debug|ARM.ActiveCfg = Debug|Any CPU
		{70E0CB9A-802D-42D7-9A53-00C39A339858}.Debug|Mixed Platforms.ActiveCfg = Debug|Any CPU
		{70E0CB9A-802D-42D7-9A53-00C39A339858}.Debug|Mixed Platforms.Build.0 = Debug|Any CPU
		{70E0CB9A-802D-42D7-9A53-00C39A339858}.Debug|x86.ActiveCfg = Debug|Any CPU
		{70E0CB9A-802D-42D7-9A53-00C39A339858}.Obfuscate|Any CPU.ActiveCfg = Release|Any CPU
		{70E0CB9A-802D-42D7-9A53-00C39A339858}.Obfuscate|Any CPU.Build.0 = Release|Any CPU
		{70E0CB9A-802D-42D7-9A53-00C39A339858}.Obfuscate|ARM.ActiveCfg = Release|Any CPU
		{70E0CB9A-802D-42D7-9A53-00C39A339858}.Obfuscate|Mixed Platforms.ActiveCfg = Release|Any CPU
		{70E0CB9A-802D-42D7-9A53-00C39A339858}.Obfuscate|Mixed Platforms.Build.0 = Release|Any CPU
		{70E0CB9A-802D-42D7-9A53-00C39A339858}.Obfuscate|x86.ActiveCfg = Release|Any CPU
		{70E0CB9A-802D-42D7-9A53-00C39A339858}.Release|Any CPU.ActiveCfg = Release|Any CPU
		{70E0CB9A-802D-42D7-9A53-00C39A339858}.Release|Any CPU.Build.0 = Release|Any CPU
		{70E0CB9A-802D-42D7-9A53-00C39A339858}.Release|ARM.ActiveCfg = Release|Any CPU
		{70E0CB9A-802D-42D7-9A53-00C39A339858}.Release|Mixed Platforms.ActiveCfg = Release|Any CPU
		{70E0CB9A-802D-42D7-9A53-00C39A339858}.Release|Mixed Platforms.Build.0 = Release|Any CPU
		{70E0CB9A-802D-42D7-9A53-00C39A339858}.Release|x86.ActiveCfg = Release|Any CPU
		{FEF98FFC-3F25-452F-B8A5-886E69F15D36}.Debug|Any CPU.ActiveCfg = Debug|Any CPU
		{FEF98FFC-3F25-452F-B8A5-886E69F15D36}.Debug|Any CPU.Build.0 = Debug|Any CPU
		{FEF98FFC-3F25-452F-B8A5-886E69F15D36}.Debug|ARM.ActiveCfg = Debug|Any CPU
		{FEF98FFC-3F25-452F-B8A5-886E69F15D36}.Debug|Mixed Platforms.ActiveCfg = Debug|Any CPU
		{FEF98FFC-3F25-452F-B8A5-886E69F15D36}.Debug|Mixed Platforms.Build.0 = Debug|Any CPU
		{FEF98FFC-3F25-452F-B8A5-886E69F15D36}.Debug|x86.ActiveCfg = Debug|Any CPU
		{FEF98FFC-3F25-452F-B8A5-886E69F15D36}.Obfuscate|Any CPU.ActiveCfg = Release|Any CPU
		{FEF98FFC-3F25-452F-B8A5-886E69F15D36}.Obfuscate|Any CPU.Build.0 = Release|Any CPU
		{FEF98FFC-3F25-452F-B8A5-886E69F15D36}.Obfuscate|ARM.ActiveCfg = Release|Any CPU
		{FEF98FFC-3F25-452F-B8A5-886E69F15D36}.Obfuscate|Mixed Platforms.ActiveCfg = Release|Any CPU
		{FEF98FFC-3F25-452F-B8A5-886E69F15D36}.Obfuscate|Mixed Platforms.Build.0 = Release|Any CPU
		{FEF98FFC-3F25-452F-B8A5-886E69F15D36}.Obfuscate|x86.ActiveCfg = Release|Any CPU
		{FEF98FFC-3F25-452F-B8A5-886E69F15D36}.Release|Any CPU.ActiveCfg = Release|Any CPU
		{FEF98FFC-3F25-452F-B8A5-886E69F15D36}.Release|Any CPU.Build.0 = Release|Any CPU
		{FEF98FFC-3F25-452F-B8A5-886E69F15D36}.Release|ARM.ActiveCfg = Release|Any CPU
		{FEF98FFC-3F25-452F-B8A5-886E69F15D36}.Release|Mixed Platforms.ActiveCfg = Release|Any CPU
		{FEF98FFC-3F25-452F-B8A5-886E69F15D36}.Release|Mixed Platforms.Build.0 = Release|Any CPU
		{FEF98FFC-3F25-452F-B8A5-886E69F15D36}.Release|x86.ActiveCfg = Release|Any CPU
		{B4BE6A40-436F-415D-82BE-B5C23A2484F7}.Debug|Any CPU.ActiveCfg = Debug|Any CPU
		{B4BE6A40-436F-415D-82BE-B5C23A2484F7}.Debug|Any CPU.Build.0 = Debug|Any CPU
		{B4BE6A40-436F-415D-82BE-B5C23A2484F7}.Debug|ARM.ActiveCfg = Debug|ARM
		{B4BE6A40-436F-415D-82BE-B5C23A2484F7}.Debug|ARM.Build.0 = Debug|ARM
		{B4BE6A40-436F-415D-82BE-B5C23A2484F7}.Debug|Mixed Platforms.ActiveCfg = Debug|x86
		{B4BE6A40-436F-415D-82BE-B5C23A2484F7}.Debug|Mixed Platforms.Build.0 = Debug|x86
		{B4BE6A40-436F-415D-82BE-B5C23A2484F7}.Debug|x86.ActiveCfg = Debug|x86
		{B4BE6A40-436F-415D-82BE-B5C23A2484F7}.Debug|x86.Build.0 = Debug|x86
		{B4BE6A40-436F-415D-82BE-B5C23A2484F7}.Obfuscate|Any CPU.ActiveCfg = Release|Any CPU
		{B4BE6A40-436F-415D-82BE-B5C23A2484F7}.Obfuscate|Any CPU.Build.0 = Release|Any CPU
		{B4BE6A40-436F-415D-82BE-B5C23A2484F7}.Obfuscate|ARM.ActiveCfg = Release|ARM
		{B4BE6A40-436F-415D-82BE-B5C23A2484F7}.Obfuscate|ARM.Build.0 = Release|ARM
		{B4BE6A40-436F-415D-82BE-B5C23A2484F7}.Obfuscate|Mixed Platforms.ActiveCfg = Release|x86
		{B4BE6A40-436F-415D-82BE-B5C23A2484F7}.Obfuscate|Mixed Platforms.Build.0 = Release|x86
		{B4BE6A40-436F-415D-82BE-B5C23A2484F7}.Obfuscate|x86.ActiveCfg = Release|x86
		{B4BE6A40-436F-415D-82BE-B5C23A2484F7}.Obfuscate|x86.Build.0 = Release|x86
		{B4BE6A40-436F-415D-82BE-B5C23A2484F7}.Release|Any CPU.ActiveCfg = Release|Any CPU
		{B4BE6A40-436F-415D-82BE-B5C23A2484F7}.Release|Any CPU.Build.0 = Release|Any CPU
		{B4BE6A40-436F-415D-82BE-B5C23A2484F7}.Release|ARM.ActiveCfg = Release|ARM
		{B4BE6A40-436F-415D-82BE-B5C23A2484F7}.Release|ARM.Build.0 = Release|ARM
		{B4BE6A40-436F-415D-82BE-B5C23A2484F7}.Release|Mixed Platforms.ActiveCfg = Release|x86
		{B4BE6A40-436F-415D-82BE-B5C23A2484F7}.Release|Mixed Platforms.Build.0 = Release|x86
		{B4BE6A40-436F-415D-82BE-B5C23A2484F7}.Release|x86.ActiveCfg = Release|x86
		{B4BE6A40-436F-415D-82BE-B5C23A2484F7}.Release|x86.Build.0 = Release|x86
		{43C82B33-8F22-4C21-A2D9-9979946658F3}.Debug|Any CPU.ActiveCfg = Debug|Any CPU
		{43C82B33-8F22-4C21-A2D9-9979946658F3}.Debug|Any CPU.Build.0 = Debug|Any CPU
		{43C82B33-8F22-4C21-A2D9-9979946658F3}.Debug|ARM.ActiveCfg = Debug|Any CPU
		{43C82B33-8F22-4C21-A2D9-9979946658F3}.Debug|Mixed Platforms.ActiveCfg = Debug|Any CPU
		{43C82B33-8F22-4C21-A2D9-9979946658F3}.Debug|Mixed Platforms.Build.0 = Debug|Any CPU
		{43C82B33-8F22-4C21-A2D9-9979946658F3}.Debug|x86.ActiveCfg = Debug|Any CPU
		{43C82B33-8F22-4C21-A2D9-9979946658F3}.Obfuscate|Any CPU.ActiveCfg = Release|Any CPU
		{43C82B33-8F22-4C21-A2D9-9979946658F3}.Obfuscate|Any CPU.Build.0 = Release|Any CPU
		{43C82B33-8F22-4C21-A2D9-9979946658F3}.Obfuscate|ARM.ActiveCfg = Release|Any CPU
		{43C82B33-8F22-4C21-A2D9-9979946658F3}.Obfuscate|Mixed Platforms.ActiveCfg = Release|Any CPU
		{43C82B33-8F22-4C21-A2D9-9979946658F3}.Obfuscate|Mixed Platforms.Build.0 = Release|Any CPU
		{43C82B33-8F22-4C21-A2D9-9979946658F3}.Obfuscate|x86.ActiveCfg = Release|Any CPU
		{43C82B33-8F22-4C21-A2D9-9979946658F3}.Release|Any CPU.ActiveCfg = Release|Any CPU
		{43C82B33-8F22-4C21-A2D9-9979946658F3}.Release|Any CPU.Build.0 = Release|Any CPU
		{43C82B33-8F22-4C21-A2D9-9979946658F3}.Release|ARM.ActiveCfg = Release|Any CPU
		{43C82B33-8F22-4C21-A2D9-9979946658F3}.Release|Mixed Platforms.ActiveCfg = Release|Any CPU
		{43C82B33-8F22-4C21-A2D9-9979946658F3}.Release|Mixed Platforms.Build.0 = Release|Any CPU
		{43C82B33-8F22-4C21-A2D9-9979946658F3}.Release|x86.ActiveCfg = Release|Any CPU
		{C54E0AB0-DE02-400A-9214-2586CA1633BD}.Debug|Any CPU.ActiveCfg = Debug|Any CPU
		{C54E0AB0-DE02-400A-9214-2586CA1633BD}.Debug|Any CPU.Build.0 = Debug|Any CPU
		{C54E0AB0-DE02-400A-9214-2586CA1633BD}.Debug|ARM.ActiveCfg = Debug|Any CPU
		{C54E0AB0-DE02-400A-9214-2586CA1633BD}.Debug|Mixed Platforms.ActiveCfg = Debug|Any CPU
		{C54E0AB0-DE02-400A-9214-2586CA1633BD}.Debug|Mixed Platforms.Build.0 = Debug|Any CPU
		{C54E0AB0-DE02-400A-9214-2586CA1633BD}.Debug|x86.ActiveCfg = Debug|Any CPU
		{C54E0AB0-DE02-400A-9214-2586CA1633BD}.Obfuscate|Any CPU.ActiveCfg = Release|Any CPU
		{C54E0AB0-DE02-400A-9214-2586CA1633BD}.Obfuscate|Any CPU.Build.0 = Release|Any CPU
		{C54E0AB0-DE02-400A-9214-2586CA1633BD}.Obfuscate|ARM.ActiveCfg = Release|Any CPU
		{C54E0AB0-DE02-400A-9214-2586CA1633BD}.Obfuscate|Mixed Platforms.ActiveCfg = Release|Any CPU
		{C54E0AB0-DE02-400A-9214-2586CA1633BD}.Obfuscate|Mixed Platforms.Build.0 = Release|Any CPU
		{C54E0AB0-DE02-400A-9214-2586CA1633BD}.Obfuscate|x86.ActiveCfg = Release|Any CPU
		{C54E0AB0-DE02-400A-9214-2586CA1633BD}.Release|Any CPU.ActiveCfg = Release|Any CPU
		{C54E0AB0-DE02-400A-9214-2586CA1633BD}.Release|Any CPU.Build.0 = Release|Any CPU
		{C54E0AB0-DE02-400A-9214-2586CA1633BD}.Release|ARM.ActiveCfg = Release|Any CPU
		{C54E0AB0-DE02-400A-9214-2586CA1633BD}.Release|Mixed Platforms.ActiveCfg = Release|Any CPU
		{C54E0AB0-DE02-400A-9214-2586CA1633BD}.Release|Mixed Platforms.Build.0 = Release|Any CPU
		{C54E0AB0-DE02-400A-9214-2586CA1633BD}.Release|x86.ActiveCfg = Release|Any CPU
		{F768D77D-DBDD-42B7-BFBD-5A8DD6345154}.Debug|Any CPU.ActiveCfg = Debug|Any CPU
		{F768D77D-DBDD-42B7-BFBD-5A8DD6345154}.Debug|Any CPU.Build.0 = Debug|Any CPU
		{F768D77D-DBDD-42B7-BFBD-5A8DD6345154}.Debug|ARM.ActiveCfg = Debug|Any CPU
		{F768D77D-DBDD-42B7-BFBD-5A8DD6345154}.Debug|Mixed Platforms.ActiveCfg = Debug|Any CPU
		{F768D77D-DBDD-42B7-BFBD-5A8DD6345154}.Debug|Mixed Platforms.Build.0 = Debug|Any CPU
		{F768D77D-DBDD-42B7-BFBD-5A8DD6345154}.Debug|x86.ActiveCfg = Debug|Any CPU
		{F768D77D-DBDD-42B7-BFBD-5A8DD6345154}.Obfuscate|Any CPU.ActiveCfg = Release|Any CPU
		{F768D77D-DBDD-42B7-BFBD-5A8DD6345154}.Obfuscate|Any CPU.Build.0 = Release|Any CPU
		{F768D77D-DBDD-42B7-BFBD-5A8DD6345154}.Obfuscate|ARM.ActiveCfg = Release|Any CPU
		{F768D77D-DBDD-42B7-BFBD-5A8DD6345154}.Obfuscate|Mixed Platforms.ActiveCfg = Release|Any CPU
		{F768D77D-DBDD-42B7-BFBD-5A8DD6345154}.Obfuscate|Mixed Platforms.Build.0 = Release|Any CPU
		{F768D77D-DBDD-42B7-BFBD-5A8DD6345154}.Obfuscate|x86.ActiveCfg = Release|Any CPU
		{F768D77D-DBDD-42B7-BFBD-5A8DD6345154}.Release|Any CPU.ActiveCfg = Release|Any CPU
		{F768D77D-DBDD-42B7-BFBD-5A8DD6345154}.Release|Any CPU.Build.0 = Release|Any CPU
		{F768D77D-DBDD-42B7-BFBD-5A8DD6345154}.Release|ARM.ActiveCfg = Release|Any CPU
		{F768D77D-DBDD-42B7-BFBD-5A8DD6345154}.Release|Mixed Platforms.ActiveCfg = Release|Any CPU
		{F768D77D-DBDD-42B7-BFBD-5A8DD6345154}.Release|Mixed Platforms.Build.0 = Release|Any CPU
		{F768D77D-DBDD-42B7-BFBD-5A8DD6345154}.Release|x86.ActiveCfg = Release|Any CPU
		{B28273F4-AD83-4BCF-A390-16CC9F53F9BE}.Debug|Any CPU.ActiveCfg = Debug|Any CPU
		{B28273F4-AD83-4BCF-A390-16CC9F53F9BE}.Debug|Any CPU.Build.0 = Debug|Any CPU
		{B28273F4-AD83-4BCF-A390-16CC9F53F9BE}.Debug|ARM.ActiveCfg = Debug|Any CPU
		{B28273F4-AD83-4BCF-A390-16CC9F53F9BE}.Debug|Mixed Platforms.ActiveCfg = Debug|Any CPU
		{B28273F4-AD83-4BCF-A390-16CC9F53F9BE}.Debug|Mixed Platforms.Build.0 = Debug|Any CPU
		{B28273F4-AD83-4BCF-A390-16CC9F53F9BE}.Debug|x86.ActiveCfg = Debug|Any CPU
		{B28273F4-AD83-4BCF-A390-16CC9F53F9BE}.Obfuscate|Any CPU.ActiveCfg = Release|Any CPU
		{B28273F4-AD83-4BCF-A390-16CC9F53F9BE}.Obfuscate|Any CPU.Build.0 = Release|Any CPU
		{B28273F4-AD83-4BCF-A390-16CC9F53F9BE}.Obfuscate|ARM.ActiveCfg = Release|Any CPU
		{B28273F4-AD83-4BCF-A390-16CC9F53F9BE}.Obfuscate|Mixed Platforms.ActiveCfg = Release|Any CPU
		{B28273F4-AD83-4BCF-A390-16CC9F53F9BE}.Obfuscate|Mixed Platforms.Build.0 = Release|Any CPU
		{B28273F4-AD83-4BCF-A390-16CC9F53F9BE}.Obfuscate|x86.ActiveCfg = Release|Any CPU
		{B28273F4-AD83-4BCF-A390-16CC9F53F9BE}.Release|Any CPU.ActiveCfg = Release|Any CPU
		{B28273F4-AD83-4BCF-A390-16CC9F53F9BE}.Release|Any CPU.Build.0 = Release|Any CPU
		{B28273F4-AD83-4BCF-A390-16CC9F53F9BE}.Release|ARM.ActiveCfg = Release|Any CPU
		{B28273F4-AD83-4BCF-A390-16CC9F53F9BE}.Release|Mixed Platforms.ActiveCfg = Release|Any CPU
		{B28273F4-AD83-4BCF-A390-16CC9F53F9BE}.Release|Mixed Platforms.Build.0 = Release|Any CPU
		{B28273F4-AD83-4BCF-A390-16CC9F53F9BE}.Release|x86.ActiveCfg = Release|Any CPU
		{1FB074D6-39CD-456C-B0AA-8EDFD0A27D81}.Debug|Any CPU.ActiveCfg = Debug|Any CPU
		{1FB074D6-39CD-456C-B0AA-8EDFD0A27D81}.Debug|Any CPU.Build.0 = Debug|Any CPU
		{1FB074D6-39CD-456C-B0AA-8EDFD0A27D81}.Debug|ARM.ActiveCfg = Debug|ARM
		{1FB074D6-39CD-456C-B0AA-8EDFD0A27D81}.Debug|ARM.Build.0 = Debug|ARM
		{1FB074D6-39CD-456C-B0AA-8EDFD0A27D81}.Debug|Mixed Platforms.ActiveCfg = Debug|x86
		{1FB074D6-39CD-456C-B0AA-8EDFD0A27D81}.Debug|Mixed Platforms.Build.0 = Debug|x86
		{1FB074D6-39CD-456C-B0AA-8EDFD0A27D81}.Debug|x86.ActiveCfg = Debug|x86
		{1FB074D6-39CD-456C-B0AA-8EDFD0A27D81}.Debug|x86.Build.0 = Debug|x86
		{1FB074D6-39CD-456C-B0AA-8EDFD0A27D81}.Obfuscate|Any CPU.ActiveCfg = Release|Any CPU
		{1FB074D6-39CD-456C-B0AA-8EDFD0A27D81}.Obfuscate|Any CPU.Build.0 = Release|Any CPU
		{1FB074D6-39CD-456C-B0AA-8EDFD0A27D81}.Obfuscate|ARM.ActiveCfg = Release|ARM
		{1FB074D6-39CD-456C-B0AA-8EDFD0A27D81}.Obfuscate|ARM.Build.0 = Release|ARM
		{1FB074D6-39CD-456C-B0AA-8EDFD0A27D81}.Obfuscate|Mixed Platforms.ActiveCfg = Release|x86
		{1FB074D6-39CD-456C-B0AA-8EDFD0A27D81}.Obfuscate|Mixed Platforms.Build.0 = Release|x86
		{1FB074D6-39CD-456C-B0AA-8EDFD0A27D81}.Obfuscate|x86.ActiveCfg = Release|x86
		{1FB074D6-39CD-456C-B0AA-8EDFD0A27D81}.Obfuscate|x86.Build.0 = Release|x86
		{1FB074D6-39CD-456C-B0AA-8EDFD0A27D81}.Release|Any CPU.ActiveCfg = Release|Any CPU
		{1FB074D6-39CD-456C-B0AA-8EDFD0A27D81}.Release|Any CPU.Build.0 = Release|Any CPU
		{1FB074D6-39CD-456C-B0AA-8EDFD0A27D81}.Release|ARM.ActiveCfg = Release|ARM
		{1FB074D6-39CD-456C-B0AA-8EDFD0A27D81}.Release|ARM.Build.0 = Release|ARM
		{1FB074D6-39CD-456C-B0AA-8EDFD0A27D81}.Release|Mixed Platforms.ActiveCfg = Release|x86
		{1FB074D6-39CD-456C-B0AA-8EDFD0A27D81}.Release|Mixed Platforms.Build.0 = Release|x86
		{1FB074D6-39CD-456C-B0AA-8EDFD0A27D81}.Release|x86.ActiveCfg = Release|x86
		{1FB074D6-39CD-456C-B0AA-8EDFD0A27D81}.Release|x86.Build.0 = Release|x86
		{5DFD30C3-3019-4D37-A30F-8E7C6B89A4A1}.Debug|Any CPU.ActiveCfg = Debug|Any CPU
		{5DFD30C3-3019-4D37-A30F-8E7C6B89A4A1}.Debug|Any CPU.Build.0 = Debug|Any CPU
		{5DFD30C3-3019-4D37-A30F-8E7C6B89A4A1}.Debug|ARM.ActiveCfg = Debug|Any CPU
		{5DFD30C3-3019-4D37-A30F-8E7C6B89A4A1}.Debug|Mixed Platforms.ActiveCfg = Debug|Any CPU
		{5DFD30C3-3019-4D37-A30F-8E7C6B89A4A1}.Debug|Mixed Platforms.Build.0 = Debug|Any CPU
		{5DFD30C3-3019-4D37-A30F-8E7C6B89A4A1}.Debug|x86.ActiveCfg = Debug|Any CPU
		{5DFD30C3-3019-4D37-A30F-8E7C6B89A4A1}.Obfuscate|Any CPU.ActiveCfg = Release|Any CPU
		{5DFD30C3-3019-4D37-A30F-8E7C6B89A4A1}.Obfuscate|Any CPU.Build.0 = Release|Any CPU
		{5DFD30C3-3019-4D37-A30F-8E7C6B89A4A1}.Obfuscate|ARM.ActiveCfg = Release|Any CPU
		{5DFD30C3-3019-4D37-A30F-8E7C6B89A4A1}.Obfuscate|Mixed Platforms.ActiveCfg = Release|Any CPU
		{5DFD30C3-3019-4D37-A30F-8E7C6B89A4A1}.Obfuscate|Mixed Platforms.Build.0 = Release|Any CPU
		{5DFD30C3-3019-4D37-A30F-8E7C6B89A4A1}.Obfuscate|x86.ActiveCfg = Release|Any CPU
		{5DFD30C3-3019-4D37-A30F-8E7C6B89A4A1}.Release|Any CPU.ActiveCfg = Release|Any CPU
		{5DFD30C3-3019-4D37-A30F-8E7C6B89A4A1}.Release|Any CPU.Build.0 = Release|Any CPU
		{5DFD30C3-3019-4D37-A30F-8E7C6B89A4A1}.Release|ARM.ActiveCfg = Release|Any CPU
		{5DFD30C3-3019-4D37-A30F-8E7C6B89A4A1}.Release|Mixed Platforms.ActiveCfg = Release|Any CPU
		{5DFD30C3-3019-4D37-A30F-8E7C6B89A4A1}.Release|Mixed Platforms.Build.0 = Release|Any CPU
		{5DFD30C3-3019-4D37-A30F-8E7C6B89A4A1}.Release|x86.ActiveCfg = Release|Any CPU
	EndGlobalSection
	GlobalSection(SolutionProperties) = preSolution
		HideSolutionNode = FALSE
	EndGlobalSection
	GlobalSection(NestedProjects) = preSolution
		{607362B7-EFD2-49D4-AC3B-51D66448524F} = {F6F86916-D8C2-4348-BD6A-AFB981B38CA1}
		{3262A8CE-285F-4AAF-B3BE-569AB7CCA56A} = {F6F86916-D8C2-4348-BD6A-AFB981B38CA1}
		{43714FD7-5E85-4199-B028-DFA57A6A165A} = {F6F86916-D8C2-4348-BD6A-AFB981B38CA1}
		{54FACA0D-769A-48D1-8BF5-C864D2BCF26A} = {F6F86916-D8C2-4348-BD6A-AFB981B38CA1}
		{5DFD30C3-3019-4D37-A30F-8E7C6B89A4A1} = {F6F86916-D8C2-4348-BD6A-AFB981B38CA1}
		{9A8288D1-A0D0-4823-AB4C-46F6FEBB833E} = {02586ACD-3568-427E-8728-C0A951FA584A}
		{A7A9F816-2F82-4171-96EC-DA0A9303B4E9} = {2673F1BE-217F-4CF0-A1F1-068CEEEBC40C}
		{5A2EB5A3-FCCA-4141-88B1-00A572C89118} = {2673F1BE-217F-4CF0-A1F1-068CEEEBC40C}
		{ACABE9A8-825E-46A4-8A52-EC44DA8357F7} = {2673F1BE-217F-4CF0-A1F1-068CEEEBC40C}
		{2B385878-F208-4181-B275-9E86230FB730} = {2673F1BE-217F-4CF0-A1F1-068CEEEBC40C}
		{68AB6F55-EDDA-48D0-A0E8-16EAB83D0703} = {FE58FA56-27DE-4413-A6A6-56B0BA82F36B}
		{FFA210B6-B65E-4CB3-9A43-E546F132E78A} = {FE58FA56-27DE-4413-A6A6-56B0BA82F36B}
		{3F8C0B87-F3D4-4B3D-B327-1376F9164B3C} = {9C1F6770-F7D0-4507-8EC6-A93DA8A6AB35}
		{CFF06607-17A4-4351-9566-B54569C5BFFE} = {20093622-107E-4B37-8763-714F6A3B5E89}
		{6D1A61E4-7B66-4806-83EB-A60FB464CA0D} = {20093622-107E-4B37-8763-714F6A3B5E89}
		{11648974-1332-4970-A870-D4F5D477E09E} = {20093622-107E-4B37-8763-714F6A3B5E89}
		{B4035297-224C-404C-925D-0807F7D5EC25} = {20093622-107E-4B37-8763-714F6A3B5E89}
		{0EA15C58-9F7A-4FDA-9AD5-38F3C8C42A00} = {20093622-107E-4B37-8763-714F6A3B5E89}
		{C7EF18BF-DA82-41FE-9F4D-CB7F12A62AF8} = {20093622-107E-4B37-8763-714F6A3B5E89}
		{E7879D50-16DD-4930-B64A-E07A8C791CBA} = {20093622-107E-4B37-8763-714F6A3B5E89}
		{67F9D3A8-F71E-4428-913F-C37AE82CDB24} = {AF739436-3416-4FAF-B3A3-9A6FF1D395E8}
		{E8CD6630-632F-482D-9A0E-46BF26F83BE8} = {AF739436-3416-4FAF-B3A3-9A6FF1D395E8}
		{B42DF8C7-32E7-45AB-8526-568E1EC0D351} = {BEBEE307-3CCA-4E92-A683-3A8651672650}
		{6D8AB11A-4014-4411-9C0D-62855FDF0F8F} = {BEBEE307-3CCA-4E92-A683-3A8651672650}
		{078D7959-4C9A-4A65-AF16-3356AA71E7E3} = {BEBEE307-3CCA-4E92-A683-3A8651672650}
		{E387751A-5171-45CD-81E8-62311494F2CB} = {B42DF8C7-32E7-45AB-8526-568E1EC0D351}
		{DDB513FA-74CF-4E93-9F4A-3CE31A3250FC} = {B42DF8C7-32E7-45AB-8526-568E1EC0D351}
		{6348A129-2122-4D1D-8E5B-0A4D73C0AE43} = {B42DF8C7-32E7-45AB-8526-568E1EC0D351}
		{43C82B33-8F22-4C21-A2D9-9979946658F3} = {B42DF8C7-32E7-45AB-8526-568E1EC0D351}
		{9EDB6177-AF9D-4489-AEB2-4CD37852D3BF} = {6D8AB11A-4014-4411-9C0D-62855FDF0F8F}
		{70E0CB9A-802D-42D7-9A53-00C39A339858} = {6D8AB11A-4014-4411-9C0D-62855FDF0F8F}
		{FEF98FFC-3F25-452F-B8A5-886E69F15D36} = {6D8AB11A-4014-4411-9C0D-62855FDF0F8F}
		{B4BE6A40-436F-415D-82BE-B5C23A2484F7} = {6D8AB11A-4014-4411-9C0D-62855FDF0F8F}
		{C54E0AB0-DE02-400A-9214-2586CA1633BD} = {078D7959-4C9A-4A65-AF16-3356AA71E7E3}
		{F768D77D-DBDD-42B7-BFBD-5A8DD6345154} = {078D7959-4C9A-4A65-AF16-3356AA71E7E3}
		{B28273F4-AD83-4BCF-A390-16CC9F53F9BE} = {078D7959-4C9A-4A65-AF16-3356AA71E7E3}
		{1FB074D6-39CD-456C-B0AA-8EDFD0A27D81} = {078D7959-4C9A-4A65-AF16-3356AA71E7E3}
	EndGlobalSection
	GlobalSection(ExtensibilityGlobals) = postSolution
		EnterpriseLibraryConfigurationToolBinariesPath = packages\Unity.2.1.505.0\lib\NET35;packages\Unity.Interception.2.1.505.0\lib\NET35;packages\EnterpriseLibrary.Common.5.0.505.0\lib\NET35;packages\EnterpriseLibrary.Data.5.0.505.0\lib\NET35;packages\EnterpriseLibrary.Security.Cryptography.5.0.505.0\lib\NET35
	EndGlobalSection
EndGlobal
