
Microsoft Visual Studio Solution File, Format Version 12.00
# Visual Studio 14
VisualStudioVersion = 14.0.22823.1
MinimumVisualStudioVersion = 10.0.40219.1
Project("{2150E333-8FDC-42A3-9474-1A3956D46DE8}") = "01 - Core", "01 - Core", "{FE58FA56-27DE-4413-A6A6-56B0BA82F36B}"
EndProject
Project("{2150E333-8FDC-42A3-9474-1A3956D46DE8}") = "03 - Web", "03 - Web", "{9C1F6770-F7D0-4507-8EC6-A93DA8A6AB35}"
EndProject
Project("{FAE04EC0-301F-11D3-BF4B-00C04F79EFBC}") = "Eminent.CodeGenerator", "src\core\Eminent.CodeGenerator\Eminent.CodeGenerator.csproj", "{ACABE9A8-825E-46A4-8A52-EC44DA8357F7}"
EndProject
Project("{FAE04EC0-301F-11D3-BF4B-00C04F79EFBC}") = "CodeTorch.Core", "src\core\CodeTorch.Core\CodeTorch.Core.csproj", "{FFA210B6-B65E-4CB3-9A43-E546F132E78A}"
EndProject
Project("{FAE04EC0-301F-11D3-BF4B-00C04F79EFBC}") = "CodeTorch.Web", "src\webforms\CodeTorch.Web\CodeTorch.Web.csproj", "{3F8C0B87-F3D4-4B3D-B327-1376F9164B3C}"
EndProject
Global
	GlobalSection(SolutionConfigurationPlatforms) = preSolution
		Debug|Any CPU = Debug|Any CPU
		Obfuscate|Any CPU = Obfuscate|Any CPU
		Release|Any CPU = Release|Any CPU
	EndGlobalSection
	GlobalSection(ProjectConfigurationPlatforms) = postSolution
		{ACABE9A8-825E-46A4-8A52-EC44DA8357F7}.Debug|Any CPU.ActiveCfg = Debug|Any CPU
		{ACABE9A8-825E-46A4-8A52-EC44DA8357F7}.Debug|Any CPU.Build.0 = Debug|Any CPU
		{ACABE9A8-825E-46A4-8A52-EC44DA8357F7}.Obfuscate|Any CPU.ActiveCfg = Release|Any CPU
		{ACABE9A8-825E-46A4-8A52-EC44DA8357F7}.Obfuscate|Any CPU.Build.0 = Release|Any CPU
		{ACABE9A8-825E-46A4-8A52-EC44DA8357F7}.Release|Any CPU.ActiveCfg = Release|Any CPU
		{ACABE9A8-825E-46A4-8A52-EC44DA8357F7}.Release|Any CPU.Build.0 = Release|Any CPU
		{FFA210B6-B65E-4CB3-9A43-E546F132E78A}.Debug|Any CPU.ActiveCfg = Debug|Any CPU
		{FFA210B6-B65E-4CB3-9A43-E546F132E78A}.Debug|Any CPU.Build.0 = Debug|Any CPU
		{FFA210B6-B65E-4CB3-9A43-E546F132E78A}.Obfuscate|Any CPU.ActiveCfg = Obfuscate|Any CPU
		{FFA210B6-B65E-4CB3-9A43-E546F132E78A}.Obfuscate|Any CPU.Build.0 = Obfuscate|Any CPU
		{FFA210B6-B65E-4CB3-9A43-E546F132E78A}.Release|Any CPU.ActiveCfg = Release|Any CPU
		{FFA210B6-B65E-4CB3-9A43-E546F132E78A}.Release|Any CPU.Build.0 = Release|Any CPU
		{3F8C0B87-F3D4-4B3D-B327-1376F9164B3C}.Debug|Any CPU.ActiveCfg = Debug|Any CPU
		{3F8C0B87-F3D4-4B3D-B327-1376F9164B3C}.Debug|Any CPU.Build.0 = Debug|Any CPU
		{3F8C0B87-F3D4-4B3D-B327-1376F9164B3C}.Obfuscate|Any CPU.ActiveCfg = Obfuscate|Any CPU
		{3F8C0B87-F3D4-4B3D-B327-1376F9164B3C}.Obfuscate|Any CPU.Build.0 = Obfuscate|Any CPU
		{3F8C0B87-F3D4-4B3D-B327-1376F9164B3C}.Release|Any CPU.ActiveCfg = Release|Any CPU
		{3F8C0B87-F3D4-4B3D-B327-1376F9164B3C}.Release|Any CPU.Build.0 = Release|Any CPU
	EndGlobalSection
	GlobalSection(SolutionProperties) = preSolution
		HideSolutionNode = FALSE
	EndGlobalSection
	GlobalSection(NestedProjects) = preSolution
		{ACABE9A8-825E-46A4-8A52-EC44DA8357F7} = {FE58FA56-27DE-4413-A6A6-56B0BA82F36B}
		{FFA210B6-B65E-4CB3-9A43-E546F132E78A} = {FE58FA56-27DE-4413-A6A6-56B0BA82F36B}
		{3F8C0B87-F3D4-4B3D-B327-1376F9164B3C} = {9C1F6770-F7D0-4507-8EC6-A93DA8A6AB35}
	EndGlobalSection
EndGlobal
